# This file is generated by running "yarn install" inside your project.
# Manual changes might be lost - proceed with caution!

__metadata:
  version: 8
  cacheKey: 10

"@esbuild/android-arm64@npm:0.19.7":
  version: 0.19.7
  resolution: "@esbuild/android-arm64@npm:0.19.7"
  conditions: os=android & cpu=arm64
  languageName: node
  linkType: hard

"@esbuild/android-arm@npm:0.19.7":
  version: 0.19.7
  resolution: "@esbuild/android-arm@npm:0.19.7"
  conditions: os=android & cpu=arm
  languageName: node
  linkType: hard

"@esbuild/android-x64@npm:0.19.7":
  version: 0.19.7
  resolution: "@esbuild/android-x64@npm:0.19.7"
  conditions: os=android & cpu=x64
  languageName: node
  linkType: hard

"@esbuild/darwin-arm64@npm:0.19.7":
  version: 0.19.7
  resolution: "@esbuild/darwin-arm64@npm:0.19.7"
  conditions: os=darwin & cpu=arm64
  languageName: node
  linkType: hard

"@esbuild/darwin-x64@npm:0.19.7":
  version: 0.19.7
  resolution: "@esbuild/darwin-x64@npm:0.19.7"
  conditions: os=darwin & cpu=x64
  languageName: node
  linkType: hard

"@esbuild/freebsd-arm64@npm:0.19.7":
  version: 0.19.7
  resolution: "@esbuild/freebsd-arm64@npm:0.19.7"
  conditions: os=freebsd & cpu=arm64
  languageName: node
  linkType: hard

"@esbuild/freebsd-x64@npm:0.19.7":
  version: 0.19.7
  resolution: "@esbuild/freebsd-x64@npm:0.19.7"
  conditions: os=freebsd & cpu=x64
  languageName: node
  linkType: hard

"@esbuild/linux-arm64@npm:0.19.7":
  version: 0.19.7
  resolution: "@esbuild/linux-arm64@npm:0.19.7"
  conditions: os=linux & cpu=arm64
  languageName: node
  linkType: hard

"@esbuild/linux-arm@npm:0.19.7":
  version: 0.19.7
  resolution: "@esbuild/linux-arm@npm:0.19.7"
  conditions: os=linux & cpu=arm
  languageName: node
  linkType: hard

"@esbuild/linux-ia32@npm:0.19.7":
  version: 0.19.7
  resolution: "@esbuild/linux-ia32@npm:0.19.7"
  conditions: os=linux & cpu=ia32
  languageName: node
  linkType: hard

"@esbuild/linux-loong64@npm:0.19.7":
  version: 0.19.7
  resolution: "@esbuild/linux-loong64@npm:0.19.7"
  conditions: os=linux & cpu=loong64
  languageName: node
  linkType: hard

"@esbuild/linux-mips64el@npm:0.19.7":
  version: 0.19.7
  resolution: "@esbuild/linux-mips64el@npm:0.19.7"
  conditions: os=linux & cpu=mips64el
  languageName: node
  linkType: hard

"@esbuild/linux-ppc64@npm:0.19.7":
  version: 0.19.7
  resolution: "@esbuild/linux-ppc64@npm:0.19.7"
  conditions: os=linux & cpu=ppc64
  languageName: node
  linkType: hard

"@esbuild/linux-riscv64@npm:0.19.7":
  version: 0.19.7
  resolution: "@esbuild/linux-riscv64@npm:0.19.7"
  conditions: os=linux & cpu=riscv64
  languageName: node
  linkType: hard

"@esbuild/linux-s390x@npm:0.19.7":
  version: 0.19.7
  resolution: "@esbuild/linux-s390x@npm:0.19.7"
  conditions: os=linux & cpu=s390x
  languageName: node
  linkType: hard

"@esbuild/linux-x64@npm:0.19.7":
  version: 0.19.7
  resolution: "@esbuild/linux-x64@npm:0.19.7"
  conditions: os=linux & cpu=x64
  languageName: node
  linkType: hard

"@esbuild/netbsd-x64@npm:0.19.7":
  version: 0.19.7
  resolution: "@esbuild/netbsd-x64@npm:0.19.7"
  conditions: os=netbsd & cpu=x64
  languageName: node
  linkType: hard

"@esbuild/openbsd-x64@npm:0.19.7":
  version: 0.19.7
  resolution: "@esbuild/openbsd-x64@npm:0.19.7"
  conditions: os=openbsd & cpu=x64
  languageName: node
  linkType: hard

"@esbuild/sunos-x64@npm:0.19.7":
  version: 0.19.7
  resolution: "@esbuild/sunos-x64@npm:0.19.7"
  conditions: os=sunos & cpu=x64
  languageName: node
  linkType: hard

"@esbuild/win32-arm64@npm:0.19.7":
  version: 0.19.7
  resolution: "@esbuild/win32-arm64@npm:0.19.7"
  conditions: os=win32 & cpu=arm64
  languageName: node
  linkType: hard

"@esbuild/win32-ia32@npm:0.19.7":
  version: 0.19.7
  resolution: "@esbuild/win32-ia32@npm:0.19.7"
  conditions: os=win32 & cpu=ia32
  languageName: node
  linkType: hard

"@esbuild/win32-x64@npm:0.19.7":
  version: 0.19.7
  resolution: "@esbuild/win32-x64@npm:0.19.7"
  conditions: os=win32 & cpu=x64
  languageName: node
  linkType: hard

"@types/d3-array@npm:*":
  version: 3.2.1
  resolution: "@types/d3-array@npm:3.2.1"
  checksum: 4a9ecacaa859cff79e10dcec0c79053f027a4749ce0a4badeaff7400d69a9c44eb8210b147916b6ff5309be049030e7d68a0e333294ff3fa11c44aa1af4ba458
  languageName: node
  linkType: hard

"@types/d3-axis@npm:*":
  version: 3.0.6
  resolution: "@types/d3-axis@npm:3.0.6"
  dependencies:
    "@types/d3-selection": "npm:*"
  checksum: 8af56b629a0597ac8ef5051b6ad5390818462d8e588e1b52fb181808b1c0525d12a658730fad757e1ae256d0db170a0e29076acdef21acc98b954608d1c37b84
  languageName: node
  linkType: hard

"@types/d3-brush@npm:*":
  version: 3.0.6
  resolution: "@types/d3-brush@npm:3.0.6"
  dependencies:
    "@types/d3-selection": "npm:*"
  checksum: 4095cee2512d965732147493c471a8dd97dfb5967479d9aef43397f8b0e074b03296302423b8379c4274f9249b52bd1d74cc021f98d4f64b5a8a4a7e6fe48335
  languageName: node
  linkType: hard

"@types/d3-chord@npm:*":
  version: 3.0.6
  resolution: "@types/d3-chord@npm:3.0.6"
  checksum: ca9ba8b00debd24a2b51527b9c3db63eafa5541c08dc721d1c52ca19960c5cec93a7b1acfc0ec072dbca31d134924299755e20a4d1d4ee04b961fc0de841b418
  languageName: node
  linkType: hard

"@types/d3-color@npm:*":
  version: 3.1.3
  resolution: "@types/d3-color@npm:3.1.3"
  checksum: 1cf0f512c09357b25d644ab01b54200be7c9b15c808333b0ccacf767fff36f17520b2fcde9dad45e1bd7ce84befad39b43da42b4fded57680fa2127006ca3ece
  languageName: node
  linkType: hard

"@types/d3-contour@npm:*":
  version: 3.0.6
  resolution: "@types/d3-contour@npm:3.0.6"
  dependencies:
    "@types/d3-array": "npm:*"
    "@types/geojson": "npm:*"
  checksum: e7b7e3972aa71003c21f2c864116ffb95a9175a62ec56ec656a855e5198a66a0830b2ad7fc26811214cfa8c98cdf4190d7d351913ca0913f799fbcf2a4c99b2d
  languageName: node
  linkType: hard

"@types/d3-delaunay@npm:*":
  version: 6.0.4
  resolution: "@types/d3-delaunay@npm:6.0.4"
  checksum: cb8d2c9ed0b39ade3107b9792544a745b2de3811a6bd054813e9dc708b1132fbacd796e54c0602c11b3a14458d14487c5276c1affb7c2b9f25fe55fff88d6d25
  languageName: node
  linkType: hard

"@types/d3-dispatch@npm:*":
  version: 3.0.6
  resolution: "@types/d3-dispatch@npm:3.0.6"
  checksum: f82076c7d205885480d363c92c19b8e0d6b9e529a3a78ce772f96a7cc4cce01f7941141f148828337035fac9676b13e7440565530491d560fdf12e562cb56573
  languageName: node
  linkType: hard

"@types/d3-drag@npm:*":
  version: 3.0.7
  resolution: "@types/d3-drag@npm:3.0.7"
  dependencies:
    "@types/d3-selection": "npm:*"
  checksum: 93aba299c3a8d41ee326c5304ab694ceea135ed115c3b2ccab727a5d9bfc935f7f36d3fc416c013010eb755ac536c52adfcb15c195f241dc61f62650cc95088e
  languageName: node
  linkType: hard

"@types/d3-dsv@npm:*":
  version: 3.0.7
  resolution: "@types/d3-dsv@npm:3.0.7"
  checksum: 8507f542135cae472781dff1c3b391eceedad0f2032d24ac4a0814e72e2f6877e4ddcb66f44627069977ee61029dc0a729edf659ed73cbf1040f55a7451f05ef
  languageName: node
  linkType: hard

"@types/d3-ease@npm:*":
  version: 3.0.2
  resolution: "@types/d3-ease@npm:3.0.2"
  checksum: d8f92a8a7a008da71f847a16227fdcb53a8938200ecdf8d831ab6b49aba91e8921769761d3bfa7e7191b28f62783bfd8b0937e66bae39d4dd7fb0b63b50d4a94
  languageName: node
  linkType: hard

"@types/d3-fetch@npm:*":
  version: 3.0.7
  resolution: "@types/d3-fetch@npm:3.0.7"
  dependencies:
    "@types/d3-dsv": "npm:*"
  checksum: d496475cec7750f75740936e750a0150ca45e924a4f4697ad2c564f3a8f6c4ebc1b1edf8e081936e896532516731dbbaf2efd4890d53274a8eae13f51f821557
  languageName: node
  linkType: hard

"@types/d3-force@npm:*":
  version: 3.0.9
  resolution: "@types/d3-force@npm:3.0.9"
  checksum: e7f2260b9d57d0623f24b2876a10f6e4f7b9690035a5d9e776513b5f9261d0d1a8c436b0b977445f1753686b88ce1cecf3dd4538907da833c6ddc03cfbf45936
  languageName: node
  linkType: hard

"@types/d3-format@npm:*":
  version: 3.0.4
  resolution: "@types/d3-format@npm:3.0.4"
  checksum: b937ecd2712d4aa38d5b4f5daab9cc8a576383868be1809e046aec99eeb1f1798c139f2e862dc400a82494c763be46087d154891773417f8eb53c73762ba3eb8
  languageName: node
  linkType: hard

"@types/d3-geo@npm:*":
  version: 3.0.8
  resolution: "@types/d3-geo@npm:3.0.8"
  dependencies:
    "@types/geojson": "npm:*"
  checksum: 785a38968dfdc10ec9d39e37cb62b9752799e33991d2e7c03bd93b069bd32da552773e22e2061f8ffe0c61f4cd1e03b51762edc25fa03700700500d529146568
  languageName: node
  linkType: hard

"@types/d3-hierarchy@npm:*":
  version: 3.1.6
  resolution: "@types/d3-hierarchy@npm:3.1.6"
  checksum: 0a76d79f0082ec260fc42c96422fde9be9bd7be7a32dd692fe8239c53757bf02469e5e839d72f3ff05b77df80783328dbf312ae763b6120de2805355cc838e97
  languageName: node
  linkType: hard

"@types/d3-interpolate@npm:*":
  version: 3.0.4
  resolution: "@types/d3-interpolate@npm:3.0.4"
  dependencies:
    "@types/d3-color": "npm:*"
  checksum: 72a883afd52c91132598b02a8cdfced9e783c54ca7e4459f9e29d5f45d11fb33f2cabc844e42fd65ba6e28f2a931dcce1add8607d2f02ef6fb8ea5b83ae84127
  languageName: node
  linkType: hard

"@types/d3-path@npm:*":
  version: 3.0.2
  resolution: "@types/d3-path@npm:3.0.2"
  checksum: fc974ffd75ff9268ea689cec764fffdd582d96f6f113db5bd2aba6d5d4a843eccc7919730fbca9134bd97ba6c91c13018a0c7c3f0813b73259f3603d140e0cb5
  languageName: node
  linkType: hard

"@types/d3-polygon@npm:*":
  version: 3.0.2
  resolution: "@types/d3-polygon@npm:3.0.2"
  checksum: 7cf1eadb54f02dd3617512b558f4c0f3811f8a6a8c887d9886981c3cc251db28b68329b2b0707d9f517231a72060adbb08855227f89bef6ef30caedc0a67cab2
  languageName: node
  linkType: hard

"@types/d3-quadtree@npm:*":
  version: 3.0.5
  resolution: "@types/d3-quadtree@npm:3.0.5"
  checksum: b94c67d0af08ba753b4248b4e63155992f5272d0d0926903ad3add909620ef83037224d0cc2ddcb03e5d68c5ca95d86ff74287eeedf7ab187189fff22816498d
  languageName: node
  linkType: hard

"@types/d3-random@npm:*":
  version: 3.0.3
  resolution: "@types/d3-random@npm:3.0.3"
  checksum: 2c126dda6846f6c7e02c9123a30b4cdf27f3655d19b78456bbb330fbac27acceeeb987318055d3964dba8e6450377ff737db91d81f27c81ca6f4522c9b994ef2
  languageName: node
  linkType: hard

"@types/d3-scale-chromatic@npm:*":
  version: 3.0.2
  resolution: "@types/d3-scale-chromatic@npm:3.0.2"
  checksum: 997f387f41f720eeff83e45980bb747a5aac918a58ca559ba76e9918460664b5d77d51351bce4e2607625bf2b037f197925a2c15a56e5ec9b35334eaf1cd2fd1
  languageName: node
  linkType: hard

"@types/d3-scale@npm:*":
  version: 4.0.8
  resolution: "@types/d3-scale@npm:4.0.8"
  dependencies:
    "@types/d3-time": "npm:*"
  checksum: 376e4f2199ee6db70906651587a4521976920fa5eaa847a976c434e7a8171cbfeeab515cc510c5130b1f64fcf95b9750a7fd21dfc0a40fc3398641aa7dd4e7e2
  languageName: node
  linkType: hard

"@types/d3-selection@npm:*":
  version: 3.0.10
  resolution: "@types/d3-selection@npm:3.0.10"
  checksum: a62227d59fdd2debda326ca58613af64f8a5819f68b94aecb6b990616f5889a6d3d12816521bcd0c5c44df5d81654c558ba49a4570a766c6460bf2a765bdb10b
  languageName: node
  linkType: hard

"@types/d3-shape@npm:*":
  version: 3.1.5
  resolution: "@types/d3-shape@npm:3.1.5"
  dependencies:
    "@types/d3-path": "npm:*"
  checksum: 87218fda284ec3819cb167b8f1c817dca6866b8442b7d234e106faedea13d19e67ea3e7b4b10f7b9094a3b4609d0ab09c2745b89a62d145c358f90c5b0af9f38
  languageName: node
  linkType: hard

"@types/d3-time-format@npm:*":
  version: 4.0.3
  resolution: "@types/d3-time-format@npm:4.0.3"
  checksum: 9dfc1516502ac1c657d6024bdb88b6dc7e21dd7bff88f6187616cf9a0108250f63507a2004901ece4f97cc46602005a2ca2d05c6dbe53e8a0f6899bd60d4ff7a
  languageName: node
  linkType: hard

"@types/d3-time@npm:*":
  version: 3.0.3
  resolution: "@types/d3-time@npm:3.0.3"
  checksum: 4e6bf24ec422f0893747e5020592e107bb3d96764a43d5f0bff666202bd71f052c73f735b50ec66296a6efd5766ca40b6a4e8ce3bbc61217dbe9467340608c12
  languageName: node
  linkType: hard

"@types/d3-timer@npm:*":
  version: 3.0.2
  resolution: "@types/d3-timer@npm:3.0.2"
  checksum: 1643eebfa5f4ae3eb00b556bbc509444d88078208ec2589ddd8e4a24f230dd4cf2301e9365947e70b1bee33f63aaefab84cd907822aae812b9bc4871b98ab0e1
  languageName: node
  linkType: hard

"@types/d3-transition@npm:*":
  version: 3.0.8
  resolution: "@types/d3-transition@npm:3.0.8"
  dependencies:
    "@types/d3-selection": "npm:*"
  checksum: 6b4d4062486857036263de499f3cde861935e11784e9f7b834254625d87655376e03eec61bca204fd5fde29434722d1633bb12c8654bcf62632fe126b3ac90ce
  languageName: node
  linkType: hard

"@types/d3-zoom@npm:*":
  version: 3.0.8
  resolution: "@types/d3-zoom@npm:3.0.8"
  dependencies:
    "@types/d3-interpolate": "npm:*"
    "@types/d3-selection": "npm:*"
  checksum: cc6ba975cf4f55f94933413954d81b87feb1ee8b8cee8f2202cf526f218dcb3ba240cbeb04ed80522416201c4a7394b37de3eb695d840a36d190dfb2d3e62cb5
  languageName: node
  linkType: hard

"@types/d3@npm:^7.4.3":
  version: 7.4.3
  resolution: "@types/d3@npm:7.4.3"
  dependencies:
    "@types/d3-array": "npm:*"
    "@types/d3-axis": "npm:*"
    "@types/d3-brush": "npm:*"
    "@types/d3-chord": "npm:*"
    "@types/d3-color": "npm:*"
    "@types/d3-contour": "npm:*"
    "@types/d3-delaunay": "npm:*"
    "@types/d3-dispatch": "npm:*"
    "@types/d3-drag": "npm:*"
    "@types/d3-dsv": "npm:*"
    "@types/d3-ease": "npm:*"
    "@types/d3-fetch": "npm:*"
    "@types/d3-force": "npm:*"
    "@types/d3-format": "npm:*"
    "@types/d3-geo": "npm:*"
    "@types/d3-hierarchy": "npm:*"
    "@types/d3-interpolate": "npm:*"
    "@types/d3-path": "npm:*"
    "@types/d3-polygon": "npm:*"
    "@types/d3-quadtree": "npm:*"
    "@types/d3-random": "npm:*"
    "@types/d3-scale": "npm:*"
    "@types/d3-scale-chromatic": "npm:*"
    "@types/d3-selection": "npm:*"
    "@types/d3-shape": "npm:*"
    "@types/d3-time": "npm:*"
    "@types/d3-time-format": "npm:*"
    "@types/d3-timer": "npm:*"
    "@types/d3-transition": "npm:*"
    "@types/d3-zoom": "npm:*"
  checksum: 12234aa093c8661546168becdd8956e892b276f525d96f65a7b32fed886fc6a569fe5a1171bff26fef2a5663960635f460c9504a6f2d242ba281a2b6c8c6465c
  languageName: node
  linkType: hard

"@types/geojson@npm:*":
  version: 7946.0.13
  resolution: "@types/geojson@npm:7946.0.13"
  checksum: b3b68457c89bc3f0445dc9eb54d07e6f89658672867c54989bc7f71f87d54e562195b291d43e1b84476493351271d7ccb9f5c6ab2012b29fbafbb0e8e43c4bca
  languageName: node
  linkType: hard

"@types/node@npm:*":
  version: 20.9.0
  resolution: "@types/node@npm:20.9.0"
  dependencies:
    undici-types: "npm:~5.26.4"
  checksum: a934f7645ed117a27857147403b0c657ffbca578c8f280e4c21d27dfb43e58dc4f24c4319d4335b8a4fa08e28fb2dc905a5bd5e4bc8878047164c56c1b162139
  languageName: node
  linkType: hard

"@types/node@npm:^20.8.10":
  version: 20.8.10
  resolution: "@types/node@npm:20.8.10"
  dependencies:
    undici-types: "npm:~5.26.4"
  checksum: 8930039077c8ad74de74c724909412bea8110c3f8892bcef8dda3e9629073bed65632ee755f94b252bcdae8ca71cf83e89a4a440a105e2b1b7c9797b43483049
  languageName: node
  linkType: hard

"@types/papaparse@npm:^5":
  version: 5.3.11
  resolution: "@types/papaparse@npm:5.3.11"
  dependencies:
    "@types/node": "npm:*"
  checksum: 13d224b0b8eb5ad8c0d9a16181149b662c034078dd2ac43808314e82faced309d70128c919695a9b91168df31dbd96ec15f32d570b2055a9e6b8c0b511c6047e
  languageName: node
  linkType: hard

"@types/prop-types@npm:*":
  version: 15.7.9
  resolution: "@types/prop-types@npm:15.7.9"
  checksum: c7591d3ff7593e243908a07e1d3e2bb6e8879008af5800d8378115a90d0fdf669a1cae72a6d7f69e59c4fa7bb4c8ed61f6ebc1c520fe110c6f2b03ac02414072
  languageName: node
  linkType: hard

"@types/react-dom@npm:^18.2.14":
  version: 18.2.14
  resolution: "@types/react-dom@npm:18.2.14"
  dependencies:
    "@types/react": "npm:*"
  checksum: c7feb6542dbeb3de18c9c03260229377e0a0d47a3d2c0bb91861996e2353375a45c57de7216edb8b88448584e363677244bd4355ddec45c243e70e777c2a150b
  languageName: node
  linkType: hard

"@types/react@npm:*, @types/react@npm:^18.2.33":
  version: 18.2.34
  resolution: "@types/react@npm:18.2.34"
  dependencies:
    "@types/prop-types": "npm:*"
    "@types/scheduler": "npm:*"
    csstype: "npm:^3.0.2"
  checksum: 6d16f86b384e829edc3710b1dd9ec4eb1d6b26bc079c5cf605bd0cbf77ae6224f15c76949afadb7f53df4544cfe4025c1111fbe36732cd7f660a320fbc2e5866
  languageName: node
  linkType: hard

"@types/scheduler@npm:*":
  version: 0.16.5
  resolution: "@types/scheduler@npm:0.16.5"
  checksum: 5aae67331bb7877edc65f77f205fb03c3808d9e51c186afe26945ce69f4072886629580a751e9ce8573e4a7538d0dfa1e4ce388c7c451fa689a4c592fdf1ea45
  languageName: node
  linkType: hard

"commander@npm:7":
  version: 7.2.0
  resolution: "commander@npm:7.2.0"
  checksum: 9973af10727ad4b44f26703bf3e9fdc323528660a7590efe3aa9ad5042b4584c0deed84ba443f61c9d6f02dade54a5a5d3c95e306a1e1630f8374ae6db16c06d
  languageName: node
  linkType: hard

"csstype@npm:^3.0.2":
  version: 3.1.2
  resolution: "csstype@npm:3.1.2"
  checksum: 1f39c541e9acd9562996d88bc9fb62d1cb234786ef11ed275567d4b2bd82e1ceacde25debc8de3d3b4871ae02c2933fa02614004c97190711caebad6347debc2
  languageName: node
  linkType: hard

"d3-array@npm:2 - 3, d3-array@npm:2.10.0 - 3, d3-array@npm:2.5.0 - 3, d3-array@npm:3, d3-array@npm:^3.2.0":
  version: 3.2.4
  resolution: "d3-array@npm:3.2.4"
  dependencies:
    internmap: "npm:1 - 2"
  checksum: 5800c467f89634776a5977f6dae3f4e127d91be80f1d07e3e6e35303f9de93e6636d014b234838eea620f7469688d191b3f41207a30040aab750a63c97ec1d7c
  languageName: node
  linkType: hard

"d3-axis@npm:3":
  version: 3.0.0
  resolution: "d3-axis@npm:3.0.0"
  checksum: 15ec43ecbd4e7b606fcda60f67a522e45576dfd6aa83dff47f3e91ef6c8448841a09cd91f630b492250dcec67c6ea64463510ead5e632ff6b827aeefae1d42ad
  languageName: node
  linkType: hard

"d3-brush@npm:3":
  version: 3.0.0
  resolution: "d3-brush@npm:3.0.0"
  dependencies:
    d3-dispatch: "npm:1 - 3"
    d3-drag: "npm:2 - 3"
    d3-interpolate: "npm:1 - 3"
    d3-selection: "npm:3"
    d3-transition: "npm:3"
  checksum: fa3a461b62f0f0ee6fe41f5babf45535a0a8f6d4999f675fb1dce932ee02eff72dec14c7296af31ca15998dc0141ccf5d02aa6499363f8bf2941d90688a1d644
  languageName: node
  linkType: hard

"d3-chord@npm:3":
  version: 3.0.1
  resolution: "d3-chord@npm:3.0.1"
  dependencies:
    d3-path: "npm:1 - 3"
  checksum: 4febcdca4fdc8ba91fc4f7545f4b6321c440150dff80c1ebef887db07bb4200395dfebede63b257393259de07f914da10842da5ab3135e1e281e33ad153e0849
  languageName: node
  linkType: hard

"d3-color@npm:1 - 3, d3-color@npm:3":
  version: 3.1.0
  resolution: "d3-color@npm:3.1.0"
  checksum: 536ba05bfd9f4fcd6fa289b5974f5c846b21d186875684637e22bf6855e6aba93e24a2eb3712985c6af3f502fbbfa03708edb72f58142f626241a8a17258e545
  languageName: node
  linkType: hard

"d3-contour@npm:4":
  version: 4.0.2
  resolution: "d3-contour@npm:4.0.2"
  dependencies:
    d3-array: "npm:^3.2.0"
  checksum: 0b252267e0c3c5e97d7e0c720bd35654de99f981199f7240d7dd1acfd4e2d5bf1638829f6db486452eff9c38608efa4a6ab5a0d1525131735c011ee7be3cb4ba
  languageName: node
  linkType: hard

"d3-delaunay@npm:6":
  version: 6.0.4
  resolution: "d3-delaunay@npm:6.0.4"
  dependencies:
    delaunator: "npm:5"
  checksum: 4588e2872d4154daaf2c3f34fefe74e43b909cc460238a7b02823907ca6dd109f2c488c57c8551f1a2607fe4b44fdf24e3a190cea29bca70ef5606678dd9e2de
  languageName: node
  linkType: hard

"d3-dispatch@npm:1 - 3, d3-dispatch@npm:3":
  version: 3.0.1
  resolution: "d3-dispatch@npm:3.0.1"
  checksum: 2b82f41bf4ef88c2f9033dfe32815b67e2ef1c5754a74137a74c7d44d6f0d6ecfa934ac56ed8afe358f6c1f06462e8aa42ca0a388397b5b77a42721570e80487
  languageName: node
  linkType: hard

"d3-drag@npm:2 - 3, d3-drag@npm:3":
  version: 3.0.0
  resolution: "d3-drag@npm:3.0.0"
  dependencies:
    d3-dispatch: "npm:1 - 3"
    d3-selection: "npm:3"
  checksum: 80bc689935e5a46ee92b2d7f71e1c792279382affed9fbcf46034bff3ff7d3f50cf61a874da4bdf331037292b9e7dca5c6401a605d4bb699fdcb4e0c87e176ec
  languageName: node
  linkType: hard

"d3-dsv@npm:1 - 3, d3-dsv@npm:3":
  version: 3.0.1
  resolution: "d3-dsv@npm:3.0.1"
  dependencies:
    commander: "npm:7"
    iconv-lite: "npm:0.6"
    rw: "npm:1"
  bin:
    csv2json: bin/dsv2json.js
    csv2tsv: bin/dsv2dsv.js
    dsv2dsv: bin/dsv2dsv.js
    dsv2json: bin/dsv2json.js
    json2csv: bin/json2dsv.js
    json2dsv: bin/json2dsv.js
    json2tsv: bin/json2dsv.js
    tsv2csv: bin/dsv2dsv.js
    tsv2json: bin/dsv2json.js
  checksum: a628ac42a272466940f713f310db2e5246690b22035121dc1230077070c9135fb7c9b4d260f093fcadf63b0528202a1953107448a4be3a860c4f42f50d09504d
  languageName: node
  linkType: hard

"d3-ease@npm:1 - 3, d3-ease@npm:3":
  version: 3.0.1
  resolution: "d3-ease@npm:3.0.1"
  checksum: 985d46e868494e9e6806fedd20bad712a50dcf98f357bf604a843a9f6bc17714a657c83dd762f183173dcde983a3570fa679b2bc40017d40b24163cdc4167796
  languageName: node
  linkType: hard

"d3-fetch@npm:3":
  version: 3.0.1
  resolution: "d3-fetch@npm:3.0.1"
  dependencies:
    d3-dsv: "npm:1 - 3"
  checksum: cd35d55f8fbb1ea1e37be362a575bb0161449957133aa5b45b9891889b2aca1dc0769c240a236736e33cd823e820a0e73fb3744582307a5d26d1df7bed0ccecb
  languageName: node
  linkType: hard

"d3-force@npm:3":
  version: 3.0.0
  resolution: "d3-force@npm:3.0.0"
  dependencies:
    d3-dispatch: "npm:1 - 3"
    d3-quadtree: "npm:1 - 3"
    d3-timer: "npm:1 - 3"
  checksum: 85945f8d444d78567009518f0ab54c0f0c8873eb8eb9a2ff0ab667b0f81b419e101a411415d4a2c752547ec7143f89675e8c33b8f111e55e5579a04cb7f4591c
  languageName: node
  linkType: hard

"d3-format@npm:1 - 3, d3-format@npm:3":
  version: 3.1.0
  resolution: "d3-format@npm:3.1.0"
  checksum: a0fe23d2575f738027a3db0ce57160e5a473ccf24808c1ed46d45ef4f3211076b34a18b585547d34e365e78dcc26dd4ab15c069731fc4b1c07a26bfced09ea31
  languageName: node
  linkType: hard

"d3-geo@npm:3":
  version: 3.1.0
  resolution: "d3-geo@npm:3.1.0"
  dependencies:
    d3-array: "npm:2.5.0 - 3"
  checksum: d214c2951c327501699b49f73fcbf417284468f41b31cd8f34c1975137a2544e4bb8080f35fa216659dba91c60f35b7bc857cd6b8297cf4f0fd37343269d9f8a
  languageName: node
  linkType: hard

"d3-hierarchy@npm:3":
  version: 3.1.2
  resolution: "d3-hierarchy@npm:3.1.2"
  checksum: 497b79dc6c35e28b21e8a7b94db92876abd1d4ec082d9803a07ea8964e55b0e71c511a21489363a36f1456f069adb8ff7d33c633678730d6ae961ed350b27733
  languageName: node
  linkType: hard

"d3-interpolate@npm:1 - 3, d3-interpolate@npm:1.2.0 - 3, d3-interpolate@npm:3":
  version: 3.0.1
  resolution: "d3-interpolate@npm:3.0.1"
  dependencies:
    d3-color: "npm:1 - 3"
  checksum: 988d66497ef5c190cf64f8c80cd66e1e9a58c4d1f8932d776a8e3ae59330291795d5a342f5a97602782ccbef21a5df73bc7faf1f0dc46a5145ba6243a82a0f0e
  languageName: node
  linkType: hard

"d3-path@npm:1 - 3, d3-path@npm:3, d3-path@npm:^3.1.0":
  version: 3.1.0
  resolution: "d3-path@npm:3.1.0"
  checksum: 8e97a9ab4930a05b18adda64cf4929219bac913a5506cf8585631020253b39309549632a5cbeac778c0077994442ddaaee8316ee3f380e7baf7566321b84e76a
  languageName: node
  linkType: hard

"d3-polygon@npm:3":
  version: 3.0.1
  resolution: "d3-polygon@npm:3.0.1"
  checksum: c4fa2ed19dcba13fd341815361d27e64597aa0d38d377e401e1353c4acbe8bd73c0afb3e49a1cf4119fadc3651ec8073d06aa6d0e34e664c868d071e58912cd1
  languageName: node
  linkType: hard

"d3-quadtree@npm:1 - 3, d3-quadtree@npm:3":
  version: 3.0.1
  resolution: "d3-quadtree@npm:3.0.1"
  checksum: 1915b6a7b031fc312f9af61947072db9468c5a2b03837f6a90b38fdaebcd0ea17a883bffd94d16b8a6848e81711a06222f7d39f129386ef1850297219b8d32ba
  languageName: node
  linkType: hard

"d3-random@npm:3":
  version: 3.0.1
  resolution: "d3-random@npm:3.0.1"
  checksum: 9f41d6ca3a1826cea8d88392917b5039504337d442a4d1357c870fa3031701e60209a2689a6ddae7df8fca824383d038c957eb545bc49a7428c71aaf3b11f56f
  languageName: node
  linkType: hard

"d3-scale-chromatic@npm:3":
  version: 3.0.0
  resolution: "d3-scale-chromatic@npm:3.0.0"
  dependencies:
    d3-color: "npm:1 - 3"
    d3-interpolate: "npm:1 - 3"
  checksum: e4d23a7d2ba48ad5de1d06dcc488f7278304def0ea28a268528923b1d74971260636b5c8fe0e27bc2c51b2a3f95542c248e35028bdb0b7c19ac804eee235d340
  languageName: node
  linkType: hard

"d3-scale@npm:4":
  version: 4.0.2
  resolution: "d3-scale@npm:4.0.2"
  dependencies:
    d3-array: "npm:2.10.0 - 3"
    d3-format: "npm:1 - 3"
    d3-interpolate: "npm:1.2.0 - 3"
    d3-time: "npm:2.1.1 - 3"
    d3-time-format: "npm:2 - 4"
  checksum: e2dc4243586eae2a0fdf91de1df1a90d51dfacb295933f0ca7e9184c31203b01436bef69906ad40f1100173a5e6197ae753cb7b8a1a8fcfda43194ea9cad6493
  languageName: node
  linkType: hard

"d3-selection@npm:2 - 3, d3-selection@npm:3":
  version: 3.0.0
  resolution: "d3-selection@npm:3.0.0"
  checksum: 0e5acfd305b31628b7be5009ba7303d84bb34817a88ed4dde9c8bd9c23528573fc5272f89fc04e5be03d2cbf5441a248d7274aaf55a8ef3dad46e16333d72298
  languageName: node
  linkType: hard

"d3-shape@npm:3":
  version: 3.2.0
  resolution: "d3-shape@npm:3.2.0"
  dependencies:
    d3-path: "npm:^3.1.0"
  checksum: 2e861f4d4781ee8abd85d2b435f848d667479dcf01a4e0db3a06600a5bdeddedb240f88229ec7b3bf7fa300c2b3526faeaf7e75f9a24dbf4396d3cc5358ff39d
  languageName: node
  linkType: hard

"d3-time-format@npm:2 - 4, d3-time-format@npm:4":
  version: 4.1.0
  resolution: "d3-time-format@npm:4.1.0"
  dependencies:
    d3-time: "npm:1 - 3"
  checksum: ffc0959258fbb90e3890bfb31b43b764f51502b575e87d0af2c85b85ac379120d246914d07fca9f533d1bcedc27b2841d308a00fd64848c3e2cad9eff5c9a0aa
  languageName: node
  linkType: hard

"d3-time@npm:1 - 3, d3-time@npm:2.1.1 - 3, d3-time@npm:3":
  version: 3.1.0
  resolution: "d3-time@npm:3.1.0"
  dependencies:
    d3-array: "npm:2 - 3"
  checksum: c110bed295ce63e8180e45b82a9b0ba114d5f33ff315871878f209c1a6d821caa505739a2b07f38d1396637155b8e7372632dacc018e11fbe8ceef58f6af806d
  languageName: node
  linkType: hard

"d3-timer@npm:1 - 3, d3-timer@npm:3":
  version: 3.0.1
  resolution: "d3-timer@npm:3.0.1"
  checksum: 004128602bb187948d72c7dc153f0f063f38ac7a584171de0b45e3a841ad2e17f1e40ad396a4af9cce5551b6ab4a838d5246d23492553843d9da4a4050a911e2
  languageName: node
  linkType: hard

"d3-transition@npm:2 - 3, d3-transition@npm:3":
  version: 3.0.1
  resolution: "d3-transition@npm:3.0.1"
  dependencies:
    d3-color: "npm:1 - 3"
    d3-dispatch: "npm:1 - 3"
    d3-ease: "npm:1 - 3"
    d3-interpolate: "npm:1 - 3"
    d3-timer: "npm:1 - 3"
  peerDependencies:
    d3-selection: 2 - 3
  checksum: 02571636acb82f5532117928a87fe25de68f088c38ab4a8b16e495f0f2d08a3fd2937eaebdefdfcf7f1461545524927d2632d795839b88d2e4c71e387aaaffac
  languageName: node
  linkType: hard

"d3-zoom@npm:3":
  version: 3.0.0
  resolution: "d3-zoom@npm:3.0.0"
  dependencies:
    d3-dispatch: "npm:1 - 3"
    d3-drag: "npm:2 - 3"
    d3-interpolate: "npm:1 - 3"
    d3-selection: "npm:2 - 3"
    d3-transition: "npm:2 - 3"
  checksum: 0e6e5c14e33c4ecdff311a900dd037dea407734f2dd2818988ed6eae342c1799e8605824523678bd404f81e37824cc588f62dbde46912444c89acc7888036c6b
  languageName: node
  linkType: hard

"d3@npm:^7.8.5":
  version: 7.8.5
  resolution: "d3@npm:7.8.5"
  dependencies:
    d3-array: "npm:3"
    d3-axis: "npm:3"
    d3-brush: "npm:3"
    d3-chord: "npm:3"
    d3-color: "npm:3"
    d3-contour: "npm:4"
    d3-delaunay: "npm:6"
    d3-dispatch: "npm:3"
    d3-drag: "npm:3"
    d3-dsv: "npm:3"
    d3-ease: "npm:3"
    d3-fetch: "npm:3"
    d3-force: "npm:3"
    d3-format: "npm:3"
    d3-geo: "npm:3"
    d3-hierarchy: "npm:3"
    d3-interpolate: "npm:3"
    d3-path: "npm:3"
    d3-polygon: "npm:3"
    d3-quadtree: "npm:3"
    d3-random: "npm:3"
    d3-scale: "npm:4"
    d3-scale-chromatic: "npm:3"
    d3-selection: "npm:3"
    d3-shape: "npm:3"
    d3-time: "npm:3"
    d3-time-format: "npm:4"
    d3-timer: "npm:3"
    d3-transition: "npm:3"
    d3-zoom: "npm:3"
  checksum: d5a0581fae34ce06f065c36bfe4045d2877ec23c413bb40d5b8cc005df9f8ef5ac44ccc13ffae4c4e5159827bb92c09da07e7283c1b7a507072e88b9047a848a
  languageName: node
  linkType: hard

"delaunator@npm:5":
  version: 5.0.0
  resolution: "delaunator@npm:5.0.0"
  dependencies:
    robust-predicates: "npm:^3.0.0"
  checksum: 87f9aa5e2378036377ad924418181261ffb58607f303480b4615a5ef6fe2ecefc79f90db217353f2b79e06ee959bba65940429d4484aa36350bd6bde0fbf5010
  languageName: node
  linkType: hard

"dotenv@npm:^16.3.1":
  version: 16.3.1
  resolution: "dotenv@npm:16.3.1"
  checksum: dbb778237ef8750e9e3cd1473d3c8eaa9cc3600e33a75c0e36415d0fa0848197f56c3800f77924c70e7828f0b03896818cd52f785b07b9ad4d88dba73fbba83f
  languageName: node
  linkType: hard

"esbuild-plugin-alias-path@npm:^2.0.2":
  version: 2.0.2
  resolution: "esbuild-plugin-alias-path@npm:2.0.2"
  dependencies:
    find-up: "npm:5.0.0"
    fs-extra: "npm:^10.1.0"
    jsonfile: "npm:^6.1.0"
  peerDependencies:
    esbuild: ">= 0.14.0"
  checksum: 23b2f5f1737320c6474f666ae88f34bfc58ff1cb9c3aae07ef526554bd9a730e0ad130f66693ab626b1cf6ec783319be58ad8cf5fbac3f101883e82736d9cc99
  languageName: node
  linkType: hard

"esbuild@npm:^0.19.7":
  version: 0.19.7
  resolution: "esbuild@npm:0.19.7"
  dependencies:
    "@esbuild/android-arm": "npm:0.19.7"
    "@esbuild/android-arm64": "npm:0.19.7"
    "@esbuild/android-x64": "npm:0.19.7"
    "@esbuild/darwin-arm64": "npm:0.19.7"
    "@esbuild/darwin-x64": "npm:0.19.7"
    "@esbuild/freebsd-arm64": "npm:0.19.7"
    "@esbuild/freebsd-x64": "npm:0.19.7"
    "@esbuild/linux-arm": "npm:0.19.7"
    "@esbuild/linux-arm64": "npm:0.19.7"
    "@esbuild/linux-ia32": "npm:0.19.7"
    "@esbuild/linux-loong64": "npm:0.19.7"
    "@esbuild/linux-mips64el": "npm:0.19.7"
    "@esbuild/linux-ppc64": "npm:0.19.7"
    "@esbuild/linux-riscv64": "npm:0.19.7"
    "@esbuild/linux-s390x": "npm:0.19.7"
    "@esbuild/linux-x64": "npm:0.19.7"
    "@esbuild/netbsd-x64": "npm:0.19.7"
    "@esbuild/openbsd-x64": "npm:0.19.7"
    "@esbuild/sunos-x64": "npm:0.19.7"
    "@esbuild/win32-arm64": "npm:0.19.7"
    "@esbuild/win32-ia32": "npm:0.19.7"
    "@esbuild/win32-x64": "npm:0.19.7"
  dependenciesMeta:
    "@esbuild/android-arm":
      optional: true
    "@esbuild/android-arm64":
      optional: true
    "@esbuild/android-x64":
      optional: true
    "@esbuild/darwin-arm64":
      optional: true
    "@esbuild/darwin-x64":
      optional: true
    "@esbuild/freebsd-arm64":
      optional: true
    "@esbuild/freebsd-x64":
      optional: true
    "@esbuild/linux-arm":
      optional: true
    "@esbuild/linux-arm64":
      optional: true
    "@esbuild/linux-ia32":
      optional: true
    "@esbuild/linux-loong64":
      optional: true
    "@esbuild/linux-mips64el":
      optional: true
    "@esbuild/linux-ppc64":
      optional: true
    "@esbuild/linux-riscv64":
      optional: true
    "@esbuild/linux-s390x":
      optional: true
    "@esbuild/linux-x64":
      optional: true
    "@esbuild/netbsd-x64":
      optional: true
    "@esbuild/openbsd-x64":
      optional: true
    "@esbuild/sunos-x64":
      optional: true
    "@esbuild/win32-arm64":
      optional: true
    "@esbuild/win32-ia32":
      optional: true
    "@esbuild/win32-x64":
      optional: true
  bin:
    esbuild: bin/esbuild
  checksum: 326b9d98a77c5f2fb9a535b292bdc67c88bdfb4a19d29a221d65fd69f4800faea1f34947e8e6bc25ca3bd5db01f61c6968fec91f8c335e21e29b50330d90bd89
  languageName: node
  linkType: hard

"find-up@npm:5.0.0":
  version: 5.0.0
  resolution: "find-up@npm:5.0.0"
  dependencies:
    locate-path: "npm:^6.0.0"
    path-exists: "npm:^4.0.0"
  checksum: 07955e357348f34660bde7920783204ff5a26ac2cafcaa28bace494027158a97b9f56faaf2d89a6106211a8174db650dd9f503f9c0d526b1202d5554a00b9095
  languageName: node
  linkType: hard

"fs-extra@npm:^10.1.0":
  version: 10.1.0
  resolution: "fs-extra@npm:10.1.0"
  dependencies:
    graceful-fs: "npm:^4.2.0"
    jsonfile: "npm:^6.0.1"
    universalify: "npm:^2.0.0"
  checksum: 05ce2c3b59049bcb7b52001acd000e44b3c4af4ec1f8839f383ef41ec0048e3cfa7fd8a637b1bddfefad319145db89be91f4b7c1db2908205d38bf91e7d1d3b7
  languageName: node
  linkType: hard

"fs-extra@npm:^11.1.1":
  version: 11.1.1
  resolution: "fs-extra@npm:11.1.1"
  dependencies:
    graceful-fs: "npm:^4.2.0"
    jsonfile: "npm:^6.0.1"
    universalify: "npm:^2.0.0"
  checksum: c4e9fabf9762a70d1403316b7faa899f3d3303c8afa765b891c2210fdeba368461e04ae1203920b64ef6a7d066a39ab8cef2160b5ce8d1011bb4368688cd9bb7
  languageName: node
  linkType: hard

"graceful-fs@npm:^4.1.6, graceful-fs@npm:^4.2.0":
  version: 4.2.11
  resolution: "graceful-fs@npm:4.2.11"
  checksum: bf152d0ed1dc159239db1ba1f74fdbc40cb02f626770dcd5815c427ce0688c2635a06ed69af364396da4636d0408fcf7d4afdf7881724c3307e46aff30ca49e2
  languageName: node
  linkType: hard

"iconv-lite@npm:0.6":
  version: 0.6.3
  resolution: "iconv-lite@npm:0.6.3"
  dependencies:
    safer-buffer: "npm:>= 2.1.2 < 3.0.0"
  checksum: 24e3292dd3dadaa81d065c6f8c41b274a47098150d444b96e5f53b4638a9a71482921ea6a91a1f59bb71d9796de25e04afd05919fa64c360347ba65d3766f10f
  languageName: node
  linkType: hard

"internmap@npm:1 - 2":
  version: 2.0.3
  resolution: "internmap@npm:2.0.3"
  checksum: 873e0e7fcfe32f999aa0997a0b648b1244508e56e3ea6b8259b5245b50b5eeb3853fba221f96692bd6d1def501da76c32d64a5cb22a0b26cdd9b445664f805e0
  languageName: node
  linkType: hard

"js-tokens@npm:^3.0.0 || ^4.0.0":
  version: 4.0.0
  resolution: "js-tokens@npm:4.0.0"
  checksum: af37d0d913fb56aec6dc0074c163cc71cd23c0b8aad5c2350747b6721d37ba118af35abdd8b33c47ec2800de07dedb16a527ca9c530ee004093e04958bd0cbf2
  languageName: node
  linkType: hard

"jsonfile@npm:^6.0.1, jsonfile@npm:^6.1.0":
  version: 6.1.0
  resolution: "jsonfile@npm:6.1.0"
  dependencies:
    graceful-fs: "npm:^4.1.6"
    universalify: "npm:^2.0.0"
  dependenciesMeta:
    graceful-fs:
      optional: true
  checksum: 03014769e7dc77d4cf05fa0b534907270b60890085dd5e4d60a382ff09328580651da0b8b4cdf44d91e4c8ae64d91791d965f05707beff000ed494a38b6fec85
  languageName: node
  linkType: hard

"locate-path@npm:^6.0.0":
  version: 6.0.0
  resolution: "locate-path@npm:6.0.0"
  dependencies:
    p-locate: "npm:^5.0.0"
  checksum: 72eb661788a0368c099a184c59d2fee760b3831c9c1c33955e8a19ae4a21b4116e53fa736dc086cdeb9fce9f7cc508f2f92d2d3aae516f133e16a2bb59a39f5a
  languageName: node
  linkType: hard

"loose-envify@npm:^1.1.0":
  version: 1.4.0
  resolution: "loose-envify@npm:1.4.0"
  dependencies:
    js-tokens: "npm:^3.0.0 || ^4.0.0"
  bin:
    loose-envify: cli.js
  checksum: 6517e24e0cad87ec9888f500c5b5947032cdfe6ef65e1c1936a0c48a524b81e65542c9c3edc91c97d5bddc806ee2a985dbc79be89215d613b1de5db6d1cfe6f4
  languageName: node
  linkType: hard

"p-limit@npm:^3.0.2":
  version: 3.1.0
  resolution: "p-limit@npm:3.1.0"
  dependencies:
    yocto-queue: "npm:^0.1.0"
  checksum: 7c3690c4dbf62ef625671e20b7bdf1cbc9534e83352a2780f165b0d3ceba21907e77ad63401708145ca4e25bfc51636588d89a8c0aeb715e6c37d1c066430360
  languageName: node
  linkType: hard

"p-locate@npm:^5.0.0":
  version: 5.0.0
  resolution: "p-locate@npm:5.0.0"
  dependencies:
    p-limit: "npm:^3.0.2"
  checksum: 1623088f36cf1cbca58e9b61c4e62bf0c60a07af5ae1ca99a720837356b5b6c5ba3eb1b2127e47a06865fee59dd0453cad7cc844cda9d5a62ac1a5a51b7c86d3
  languageName: node
  linkType: hard

"papaparse@npm:^5.4.1":
  version: 5.4.1
  resolution: "papaparse@npm:5.4.1"
  checksum: 5e6dc978187182ad2efa1d264ffe73d2042cd23b8fb1dcb0b0f5c8c7c772c11e3eb4e166fb0893880ed24529a96abe9065d704cc5b4cb96abf037413cfe43788
  languageName: node
  linkType: hard

"path-exists@npm:^4.0.0":
  version: 4.0.0
  resolution: "path-exists@npm:4.0.0"
  checksum: 505807199dfb7c50737b057dd8d351b82c033029ab94cb10a657609e00c1bc53b951cfdbccab8de04c5584d5eff31128ce6afd3db79281874a5ef2adbba55ed1
  languageName: node
  linkType: hard

"react-dom@npm:^18.2.0":
  version: 18.2.0
  resolution: "react-dom@npm:18.2.0"
  dependencies:
    loose-envify: "npm:^1.1.0"
    scheduler: "npm:^0.23.0"
  peerDependencies:
    react: ^18.2.0
  checksum: ca5e7762ec8c17a472a3605b6f111895c9f87ac7d43a610ab7024f68cd833d08eda0625ce02ec7178cc1f3c957cf0b9273cdc17aa2cd02da87544331c43b1d21
  languageName: node
  linkType: hard

"react@npm:^18.2.0":
  version: 18.2.0
  resolution: "react@npm:18.2.0"
  dependencies:
    loose-envify: "npm:^1.1.0"
  checksum: b9214a9bd79e99d08de55f8bef2b7fc8c39630be97c4e29d7be173d14a9a10670b5325e94485f74cd8bff4966ef3c78ee53c79a7b0b9b70cba20aa8973acc694
  languageName: node
  linkType: hard

"robust-predicates@npm:^3.0.0":
  version: 3.0.2
  resolution: "robust-predicates@npm:3.0.2"
  checksum: 88bd7d45a6b89e88da2631d4c111aaaf0443de4d7078e9ab7f732245790a3645cf79bf91882a9740dbc959cf56ba75d5dced5bf2259410f8b6de19fd240cd08c
  languageName: node
  linkType: hard

"rw@npm:1":
  version: 1.3.3
  resolution: "rw@npm:1.3.3"
  checksum: e90985d64777a00f4ab5f8c0bfea2fb5645c6bda5238840afa339c8a4f86f776e8ce83731155643a7425a0b27ce89077dab27b2f57519996ba4d2fe54cac1941
  languageName: node
  linkType: hard

"safer-buffer@npm:>= 2.1.2 < 3.0.0":
  version: 2.1.2
  resolution: "safer-buffer@npm:2.1.2"
  checksum: 7eaf7a0cf37cc27b42fb3ef6a9b1df6e93a1c6d98c6c6702b02fe262d5fcbd89db63320793b99b21cb5348097d0a53de81bd5f4e8b86e20cc9412e3f1cfb4e83
  languageName: node
  linkType: hard

"scheduler@npm:^0.23.0":
  version: 0.23.0
  resolution: "scheduler@npm:0.23.0"
  dependencies:
    loose-envify: "npm:^1.1.0"
  checksum: 0c4557aa37bafca44ff21dc0ea7c92e2dbcb298bc62eae92b29a39b029134f02fb23917d6ebc8b1fa536b4184934314c20d8864d156a9f6357f3398aaf7bfda8
  languageName: node
  linkType: hard

"typescript@npm:^5.2.2":
  version: 5.2.2
  resolution: "typescript@npm:5.2.2"
  bin:
    tsc: bin/tsc
    tsserver: bin/tsserver
  checksum: d65e50eb849bd21ff8677e5b9447f9c6e74777e346afd67754934264dcbf4bd59e7d2473f6062d9a015d66bd573311166357e3eb07fea0b52859cf9bb2b58555
  languageName: node
  linkType: hard

"typescript@patch:typescript@npm%3A^5.2.2#optional!builtin<compat/typescript>":
  version: 5.2.2
  resolution: "typescript@patch:typescript@npm%3A5.2.2#optional!builtin<compat/typescript>::version=5.2.2&hash=f3b441"
  bin:
    tsc: bin/tsc
    tsserver: bin/tsserver
  checksum: f79cc2ba802c94c2b78dbb00d767a10adb67368ae764709737dc277273ec148aa4558033a03ce901406b35fddf4eac46dabc94a1e1d12d2587e2b9cfe5707b4a
  languageName: node
  linkType: hard

"undici-types@npm:~5.26.4":
  version: 5.26.5
  resolution: "undici-types@npm:5.26.5"
  checksum: 0097779d94bc0fd26f0418b3a05472410408877279141ded2bd449167be1aed7ea5b76f756562cb3586a07f251b90799bab22d9019ceba49c037c76445f7cddd
  languageName: node
  linkType: hard

"universalify@npm:^2.0.0":
  version: 2.0.1
  resolution: "universalify@npm:2.0.1"
  checksum: ecd8469fe0db28e7de9e5289d32bd1b6ba8f7183db34f3bfc4ca53c49891c2d6aa05f3fb3936a81285a905cc509fb641a0c3fc131ec786167eff41236ae32e60
  languageName: node
  linkType: hard

"yocto-queue@npm:^0.1.0":
  version: 0.1.0
  resolution: "yocto-queue@npm:0.1.0"
  checksum: f77b3d8d00310def622123df93d4ee654fc6a0096182af8bd60679ddcdfb3474c56c6c7190817c84a2785648cdee9d721c0154eb45698c62176c322fb46fc700
  languageName: node
  linkType: hard

"youtuber-insights-d3-hierarchy@workspace:.":
  version: 0.0.0-use.local
  resolution: "youtuber-insights-d3-hierarchy@workspace:."
  dependencies:
    "@types/d3": "npm:^7.4.3"
    "@types/node": "npm:^20.8.10"
    "@types/papaparse": "npm:^5"
    "@types/react": "npm:^18.2.33"
    "@types/react-dom": "npm:^18.2.14"
    d3: "npm:^7.8.5"
    dotenv: "npm:^16.3.1"
    esbuild: "npm:^0.19.7"
    esbuild-plugin-alias-path: "npm:^2.0.2"
    fs-extra: "npm:^11.1.1"
    papaparse: "npm:^5.4.1"
    react: "npm:^18.2.0"
    react-dom: "npm:^18.2.0"
    typescript: "npm:^5.2.2"
  languageName: unknown
  linkType: soft
