# This file is generated by running "yarn install" inside your project.
# Manual changes might be lost - proceed with caution!

__metadata:
  version: 6
  cacheKey: 8

"@esbuild/android-arm64@npm:0.19.7":
  version: 0.19.7
  resolution: "@esbuild/android-arm64@npm:0.19.7"
  conditions: os=android & cpu=arm64
  languageName: node
  linkType: hard

"@esbuild/android-arm@npm:0.19.7":
  version: 0.19.7
  resolution: "@esbuild/android-arm@npm:0.19.7"
  conditions: os=android & cpu=arm
  languageName: node
  linkType: hard

"@esbuild/android-x64@npm:0.19.7":
  version: 0.19.7
  resolution: "@esbuild/android-x64@npm:0.19.7"
  conditions: os=android & cpu=x64
  languageName: node
  linkType: hard

"@esbuild/darwin-arm64@npm:0.19.7":
  version: 0.19.7
  resolution: "@esbuild/darwin-arm64@npm:0.19.7"
  conditions: os=darwin & cpu=arm64
  languageName: node
  linkType: hard

"@esbuild/darwin-x64@npm:0.19.7":
  version: 0.19.7
  resolution: "@esbuild/darwin-x64@npm:0.19.7"
  conditions: os=darwin & cpu=x64
  languageName: node
  linkType: hard

"@esbuild/freebsd-arm64@npm:0.19.7":
  version: 0.19.7
  resolution: "@esbuild/freebsd-arm64@npm:0.19.7"
  conditions: os=freebsd & cpu=arm64
  languageName: node
  linkType: hard

"@esbuild/freebsd-x64@npm:0.19.7":
  version: 0.19.7
  resolution: "@esbuild/freebsd-x64@npm:0.19.7"
  conditions: os=freebsd & cpu=x64
  languageName: node
  linkType: hard

"@esbuild/linux-arm64@npm:0.19.7":
  version: 0.19.7
  resolution: "@esbuild/linux-arm64@npm:0.19.7"
  conditions: os=linux & cpu=arm64
  languageName: node
  linkType: hard

"@esbuild/linux-arm@npm:0.19.7":
  version: 0.19.7
  resolution: "@esbuild/linux-arm@npm:0.19.7"
  conditions: os=linux & cpu=arm
  languageName: node
  linkType: hard

"@esbuild/linux-ia32@npm:0.19.7":
  version: 0.19.7
  resolution: "@esbuild/linux-ia32@npm:0.19.7"
  conditions: os=linux & cpu=ia32
  languageName: node
  linkType: hard

"@esbuild/linux-loong64@npm:0.19.7":
  version: 0.19.7
  resolution: "@esbuild/linux-loong64@npm:0.19.7"
  conditions: os=linux & cpu=loong64
  languageName: node
  linkType: hard

"@esbuild/linux-mips64el@npm:0.19.7":
  version: 0.19.7
  resolution: "@esbuild/linux-mips64el@npm:0.19.7"
  conditions: os=linux & cpu=mips64el
  languageName: node
  linkType: hard

"@esbuild/linux-ppc64@npm:0.19.7":
  version: 0.19.7
  resolution: "@esbuild/linux-ppc64@npm:0.19.7"
  conditions: os=linux & cpu=ppc64
  languageName: node
  linkType: hard

"@esbuild/linux-riscv64@npm:0.19.7":
  version: 0.19.7
  resolution: "@esbuild/linux-riscv64@npm:0.19.7"
  conditions: os=linux & cpu=riscv64
  languageName: node
  linkType: hard

"@esbuild/linux-s390x@npm:0.19.7":
  version: 0.19.7
  resolution: "@esbuild/linux-s390x@npm:0.19.7"
  conditions: os=linux & cpu=s390x
  languageName: node
  linkType: hard

"@esbuild/linux-x64@npm:0.19.7":
  version: 0.19.7
  resolution: "@esbuild/linux-x64@npm:0.19.7"
  conditions: os=linux & cpu=x64
  languageName: node
  linkType: hard

"@esbuild/netbsd-x64@npm:0.19.7":
  version: 0.19.7
  resolution: "@esbuild/netbsd-x64@npm:0.19.7"
  conditions: os=netbsd & cpu=x64
  languageName: node
  linkType: hard

"@esbuild/openbsd-x64@npm:0.19.7":
  version: 0.19.7
  resolution: "@esbuild/openbsd-x64@npm:0.19.7"
  conditions: os=openbsd & cpu=x64
  languageName: node
  linkType: hard

"@esbuild/sunos-x64@npm:0.19.7":
  version: 0.19.7
  resolution: "@esbuild/sunos-x64@npm:0.19.7"
  conditions: os=sunos & cpu=x64
  languageName: node
  linkType: hard

"@esbuild/win32-arm64@npm:0.19.7":
  version: 0.19.7
  resolution: "@esbuild/win32-arm64@npm:0.19.7"
  conditions: os=win32 & cpu=arm64
  languageName: node
  linkType: hard

"@esbuild/win32-ia32@npm:0.19.7":
  version: 0.19.7
  resolution: "@esbuild/win32-ia32@npm:0.19.7"
  conditions: os=win32 & cpu=ia32
  languageName: node
  linkType: hard

"@esbuild/win32-x64@npm:0.19.7":
  version: 0.19.7
  resolution: "@esbuild/win32-x64@npm:0.19.7"
  conditions: os=win32 & cpu=x64
  languageName: node
  linkType: hard

"@types/d3-array@npm:*":
  version: 3.2.1
  resolution: "@types/d3-array@npm:3.2.1"
  checksum: 8a41cee0969e53bab3f56cc15c4e6c9d76868d6daecb2b7d8c9ce71e0ececccc5a8239697cc52dadf5c665f287426de5c8ef31a49e7ad0f36e8846889a383df4
  languageName: node
  linkType: hard

"@types/d3-axis@npm:*":
  version: 3.0.6
  resolution: "@types/d3-axis@npm:3.0.6"
  dependencies:
    "@types/d3-selection": "npm:*"
  checksum: ea1065d9e6d134c04427763603cbe9d549b8b5785b8ae0d002b5b14a362619d5b8f5ee3c2fda8b36b7e5a413cbcd387e1a2d89898b919a9f0cc91ad4e67b5ab5
  languageName: node
  linkType: hard

"@types/d3-brush@npm:*":
  version: 3.0.6
  resolution: "@types/d3-brush@npm:3.0.6"
  dependencies:
    "@types/d3-selection": "npm:*"
  checksum: e5166bc53e5c914b1fed0a6ce55ca14d76ae11c5afd16b724b8ae47989e977c4af02bb07496d1ccd0a77f4ccd9a2ca7345e1d289bcfce16490fe4b39a9e0d170
  languageName: node
  linkType: hard

"@types/d3-chord@npm:*":
  version: 3.0.6
  resolution: "@types/d3-chord@npm:3.0.6"
  checksum: b511cf372ed8a0086d37a715c0d4aca811b614454e1f7c1561fbcd46863beaccdb115d274a7a992a30a8218393fbc3e1fdd7ca6e9d572e729a4570002c327083
  languageName: node
  linkType: hard

"@types/d3-color@npm:*":
  version: 3.1.3
  resolution: "@types/d3-color@npm:3.1.3"
  checksum: 8a0e79a709929502ec4effcee2c786465b9aec51b653ba0b5d05dbfec3e84f418270dd603002d94021885061ff592f614979193bd7a02ad76317f5608560e357
  languageName: node
  linkType: hard

"@types/d3-contour@npm:*":
  version: 3.0.6
  resolution: "@types/d3-contour@npm:3.0.6"
  dependencies:
    "@types/d3-array": "npm:*"
    "@types/geojson": "npm:*"
  checksum: 83c13eb0567e95d6675d6d81cbeab38d0899c5af70a7c69354e23e0860ddb2f3e911d2cacd33a8baa60ce7846b38785a337b2d7c8d2763a1340bfb999b4bd2ab
  languageName: node
  linkType: hard

"@types/d3-delaunay@npm:*":
  version: 6.0.4
  resolution: "@types/d3-delaunay@npm:6.0.4"
  checksum: 502fe0eb91f7d05b0f57904d68028c24348a54b1e5458009caf662de995d0e59bd82cd701b4af0087d614ee9e456d415fe32d63c25272ca753bf12b3f27b2d77
  languageName: node
  linkType: hard

"@types/d3-dispatch@npm:*":
  version: 3.0.6
  resolution: "@types/d3-dispatch@npm:3.0.6"
  checksum: f82076c7d205885480d363c92c19b8e0d6b9e529a3a78ce772f96a7cc4cce01f7941141f148828337035fac9676b13e7440565530491d560fdf12e562cb56573
  languageName: node
  linkType: hard

"@types/d3-drag@npm:*":
  version: 3.0.7
  resolution: "@types/d3-drag@npm:3.0.7"
  dependencies:
    "@types/d3-selection": "npm:*"
  checksum: 1107cb1667ead79073741c06ea4a9e8e4551698f6c9c60821e327a6aa30ca2ba0b31a6fe767af85a2e38a22d2305f6c45b714df15c2bba68adf58978223a5fc5
  languageName: node
  linkType: hard

"@types/d3-dsv@npm:*":
  version: 3.0.7
  resolution: "@types/d3-dsv@npm:3.0.7"
  checksum: 5025e01459827d09d14e0d00281995a04042ce9e3e76444c5a65466c1d29649d82cbfaa9251e33837bf576f5c587525d8d8ff5aacc6bd3b831824d54449261b9
  languageName: node
  linkType: hard

"@types/d3-ease@npm:*":
  version: 3.0.2
  resolution: "@types/d3-ease@npm:3.0.2"
  checksum: 0885219966294bfc99548f37297e1c75e75da812a5f3ec941977ebb57dcab0a25acec5b2bbd82d09a49d387daafca08521ca269b7e4c27ddca7768189e987b54
  languageName: node
  linkType: hard

"@types/d3-fetch@npm:*":
  version: 3.0.7
  resolution: "@types/d3-fetch@npm:3.0.7"
  dependencies:
    "@types/d3-dsv": "npm:*"
  checksum: e60cf60b25cbc49b2066ac2a3638f610c7379000562b0f499dd90fd57a8cb9740c24667a70496c2a66456d42867afeffb1722a75b26d95e7d7ee8667d96b0b36
  languageName: node
  linkType: hard

"@types/d3-force@npm:*":
  version: 3.0.9
  resolution: "@types/d3-force@npm:3.0.9"
  checksum: 6ec16109b5048cda0877931b5e60565436fee697ccbc223eae1562c4a8401dddacb25b0137da2babca2a810ad0471114444e08c8e395ce90758d768a05a23b4f
  languageName: node
  linkType: hard

"@types/d3-format@npm:*":
  version: 3.0.4
  resolution: "@types/d3-format@npm:3.0.4"
  checksum: e69421cd93861a0c080084b0b23d4a5d6a427497559e46898189002fb756dae2c7c858b465308f6bcede7272b90e39ce8adab810bded2309035a5d9556c59134
  languageName: node
  linkType: hard

"@types/d3-geo@npm:*":
  version: 3.0.8
  resolution: "@types/d3-geo@npm:3.0.8"
  dependencies:
    "@types/geojson": "npm:*"
  checksum: 150d2271aace3aec0dba2f8ef091c97d912506aa987262113cf009f9af135befbcd0c081c0dabb89395ab48d131a9df36a92955b3ce0dfdd608ef94abaf2c9b8
  languageName: node
  linkType: hard

"@types/d3-hierarchy@npm:*":
  version: 3.1.6
  resolution: "@types/d3-hierarchy@npm:3.1.6"
  checksum: cb6a80823fd8820277863f78dac7c8072b364c548cf266215d6bb3f3d017304348cfcb1ca806f38de48ce3ccd5e6af12c70814a10660f882ee4a48e6ae710afa
  languageName: node
  linkType: hard

"@types/d3-interpolate@npm:*":
  version: 3.0.4
  resolution: "@types/d3-interpolate@npm:3.0.4"
  dependencies:
    "@types/d3-color": "npm:*"
  checksum: efd2770e174e84fc7316fdafe03cf3688451f767dde1fa6211610137f495be7f3923db7e1723a6961a0e0e9ae0ed969f4f47c038189fa0beb1d556b447922622
  languageName: node
  linkType: hard

"@types/d3-path@npm:*":
  version: 3.0.2
  resolution: "@types/d3-path@npm:3.0.2"
  checksum: 0107d89510e19e478c168e0e5df0c901f57e12f42f90f961a52b0b1e5b58182dde14a5b27ef66a0a769f09119f305d484dd8dc5adca17f6dd74baab87ad36a98
  languageName: node
  linkType: hard

"@types/d3-polygon@npm:*":
  version: 3.0.2
  resolution: "@types/d3-polygon@npm:3.0.2"
  checksum: 7cf1eadb54f02dd3617512b558f4c0f3811f8a6a8c887d9886981c3cc251db28b68329b2b0707d9f517231a72060adbb08855227f89bef6ef30caedc0a67cab2
  languageName: node
  linkType: hard

"@types/d3-quadtree@npm:*":
  version: 3.0.5
  resolution: "@types/d3-quadtree@npm:3.0.5"
  checksum: 4bcd6c7ba3a61f1fa330e3826f47c7322e733e8229bc883fab150d1de2a5952515171d38e935b8700a0c8aed168e8d5796188708515c086898f41a33860dccac
  languageName: node
  linkType: hard

"@types/d3-random@npm:*":
  version: 3.0.3
  resolution: "@types/d3-random@npm:3.0.3"
  checksum: 33285b57768a724d2466ac1deec002432805c9df3e475ffb7f7fec66681cfe3e18d2f68b7f8ba45f400b274907bbebfe8adff14c9a97ef1987e476135e784925
  languageName: node
  linkType: hard

"@types/d3-scale-chromatic@npm:*":
  version: 3.0.2
  resolution: "@types/d3-scale-chromatic@npm:3.0.2"
  checksum: 0f0099f365c4df5bb7daa838a30c9ee49015950fa2cc639295c0d69e876600b25b4c52a299cdef0bb59e8967ef46196c73df3d77fc998132b74cf2cb00db872c
  languageName: node
  linkType: hard

"@types/d3-scale@npm:*":
  version: 4.0.8
  resolution: "@types/d3-scale@npm:4.0.8"
  dependencies:
    "@types/d3-time": "npm:*"
  checksum: 3b1906da895564f73bb3d0415033d9a8aefe7c4f516f970176d5b2ff7a417bd27ae98486e9a9aa0472001dc9885a9204279a1973a985553bdb3ee9bbc1b94018
  languageName: node
  linkType: hard

"@types/d3-selection@npm:*":
  version: 3.0.10
  resolution: "@types/d3-selection@npm:3.0.10"
  checksum: 8a1b0940eca565d754c1898b9e4f86e2778e4135878b76b3b8a89d497e37675d423ec3376f248577a502bccb55c1218cc9f6b5688a29a3b500973de8fc5f1c5c
  languageName: node
  linkType: hard

"@types/d3-shape@npm:*":
  version: 3.1.5
  resolution: "@types/d3-shape@npm:3.1.5"
  dependencies:
    "@types/d3-path": "npm:*"
  checksum: 8476c3908ec70637c8d1e5b103eebd0155fe2b398280c782e318007b444b9abaed65aba35b426f701af14a880cec3f4e47bdbf3a2a45545e0f40fa45e7492708
  languageName: node
  linkType: hard

"@types/d3-time-format@npm:*":
  version: 4.0.3
  resolution: "@types/d3-time-format@npm:4.0.3"
  checksum: e981fc9780697a9d8c5d1ddf1167d9c6bc28e4e610afddff1384fe55e6eb52cb65309b2a0a1d4cf817413b0a80b9f1a652fe0b2cb8054ace4eafff80a6093aa5
  languageName: node
  linkType: hard

"@types/d3-time@npm:*":
  version: 3.0.3
  resolution: "@types/d3-time@npm:3.0.3"
  checksum: a071826c80efdb1999e6406fef2db516d45f3906da3a9a4da8517fa863bae53c4c1056ca5347a20921660607d21ec874fd2febe0e961adb7be6954255587d08f
  languageName: node
  linkType: hard

"@types/d3-timer@npm:*":
  version: 3.0.2
  resolution: "@types/d3-timer@npm:3.0.2"
  checksum: 1643eebfa5f4ae3eb00b556bbc509444d88078208ec2589ddd8e4a24f230dd4cf2301e9365947e70b1bee33f63aaefab84cd907822aae812b9bc4871b98ab0e1
  languageName: node
  linkType: hard

"@types/d3-transition@npm:*":
  version: 3.0.8
  resolution: "@types/d3-transition@npm:3.0.8"
  dependencies:
    "@types/d3-selection": "npm:*"
  checksum: 4ff2727f0f2305cbe4fed1ef860a6cac44393607db42e4d0975eb6348338c2c3091b25bc5a1bddd31d7f3e10d1028187f7d271f6e4239d67f485f28c4f076a8b
  languageName: node
  linkType: hard

"@types/d3-zoom@npm:*":
  version: 3.0.8
  resolution: "@types/d3-zoom@npm:3.0.8"
  dependencies:
    "@types/d3-interpolate": "npm:*"
    "@types/d3-selection": "npm:*"
  checksum: a1685728949ed39faf8ce162cc13338639c57bc2fd4d55fc7902b2632cad2bc2a808941263e57ce6685647e8a6a0a556e173386a52d6bb74c9ed6195b68be3de
  languageName: node
  linkType: hard

"@types/d3@npm:^7.4.3":
  version: 7.4.3
  resolution: "@types/d3@npm:7.4.3"
  dependencies:
    "@types/d3-array": "npm:*"
    "@types/d3-axis": "npm:*"
    "@types/d3-brush": "npm:*"
    "@types/d3-chord": "npm:*"
    "@types/d3-color": "npm:*"
    "@types/d3-contour": "npm:*"
    "@types/d3-delaunay": "npm:*"
    "@types/d3-dispatch": "npm:*"
    "@types/d3-drag": "npm:*"
    "@types/d3-dsv": "npm:*"
    "@types/d3-ease": "npm:*"
    "@types/d3-fetch": "npm:*"
    "@types/d3-force": "npm:*"
    "@types/d3-format": "npm:*"
    "@types/d3-geo": "npm:*"
    "@types/d3-hierarchy": "npm:*"
    "@types/d3-interpolate": "npm:*"
    "@types/d3-path": "npm:*"
    "@types/d3-polygon": "npm:*"
    "@types/d3-quadtree": "npm:*"
    "@types/d3-random": "npm:*"
    "@types/d3-scale": "npm:*"
    "@types/d3-scale-chromatic": "npm:*"
    "@types/d3-selection": "npm:*"
    "@types/d3-shape": "npm:*"
    "@types/d3-time": "npm:*"
    "@types/d3-time-format": "npm:*"
    "@types/d3-timer": "npm:*"
    "@types/d3-transition": "npm:*"
    "@types/d3-zoom": "npm:*"
  checksum: 12234aa093c8661546168becdd8956e892b276f525d96f65a7b32fed886fc6a569fe5a1171bff26fef2a5663960635f460c9504a6f2d242ba281a2b6c8c6465c
  languageName: node
  linkType: hard

"@types/geojson@npm:*":
  version: 7946.0.13
  resolution: "@types/geojson@npm:7946.0.13"
  checksum: b3b68457c89bc3f0445dc9eb54d07e6f89658672867c54989bc7f71f87d54e562195b291d43e1b84476493351271d7ccb9f5c6ab2012b29fbafbb0e8e43c4bca
  languageName: node
  linkType: hard

"@types/node@npm:*":
  version: 20.9.0
  resolution: "@types/node@npm:20.9.0"
  dependencies:
    undici-types: "npm:~5.26.4"
  checksum: bfd927da6bff8a32051fa44bb47ca32a56d2c8bc8ba0170770f181cc1fa3c0b05863c9b930f0ba8604a48d5eb0d319166601709ca53bf2deae0025d8b6c6b8a3
  languageName: node
  linkType: hard

"@types/node@npm:^20.8.10":
  version: 20.8.10
  resolution: "@types/node@npm:20.8.10"
  dependencies:
    undici-types: "npm:~5.26.4"
  checksum: 7c61190e43e8074a1b571e52ff14c880bc67a0447f2fe5ed0e1a023eb8a23d5f815658edb98890f7578afe0f090433c4a635c7c87311762544e20dd78723e515
  languageName: node
  linkType: hard

"@types/papaparse@npm:^5":
  version: 5.3.11
  resolution: "@types/papaparse@npm:5.3.11"
  dependencies:
    "@types/node": "npm:*"
  checksum: b1444217ea930a9df2265c2d5bbcd9d97620dca7f712cce5096bb012baaee4d80436722cbbf26b360447256117e63b42efb47a1869dc24feacdc8fd85eef1ed7
  languageName: node
  linkType: hard

"@types/prop-types@npm:*":
  version: 15.7.9
  resolution: "@types/prop-types@npm:15.7.9"
  checksum: c7591d3ff7593e243908a07e1d3e2bb6e8879008af5800d8378115a90d0fdf669a1cae72a6d7f69e59c4fa7bb4c8ed61f6ebc1c520fe110c6f2b03ac02414072
  languageName: node
  linkType: hard

"@types/react-dom@npm:^18.2.14":
  version: 18.2.14
  resolution: "@types/react-dom@npm:18.2.14"
  dependencies:
    "@types/react": "npm:*"
  checksum: 890289c70d1966c168037637c09cacefe6205bdd27a33252144a6b432595a2943775ac1a1accac0beddaeb67f8fdf721e076acb1adc990b08e51c3d9fd4e780c
  languageName: node
  linkType: hard

"@types/react@npm:*, @types/react@npm:^18.2.33":
  version: 18.2.34
  resolution: "@types/react@npm:18.2.34"
  dependencies:
    "@types/prop-types": "npm:*"
    "@types/scheduler": "npm:*"
    csstype: "npm:^3.0.2"
  checksum: 16446542228cba827143caf0ecb4718cbf02ae5befd4a6bc6d67ed144fe1c0cb4b06b20facf3d2b972d86c67a17cc82f5ec8a03fce42d50e12b2dcd0592fc66e
  languageName: node
  linkType: hard

"@types/scheduler@npm:*":
  version: 0.16.5
  resolution: "@types/scheduler@npm:0.16.5"
  checksum: 5aae67331bb7877edc65f77f205fb03c3808d9e51c186afe26945ce69f4072886629580a751e9ce8573e4a7538d0dfa1e4ce388c7c451fa689a4c592fdf1ea45
  languageName: node
  linkType: hard

"commander@npm:7":
  version: 7.2.0
  resolution: "commander@npm:7.2.0"
  checksum: 53501cbeee61d5157546c0bef0fedb6cdfc763a882136284bed9a07225f09a14b82d2a84e7637edfd1a679fb35ed9502fd58ef1d091e6287f60d790147f68ddc
  languageName: node
  linkType: hard

"csstype@npm:^3.0.2":
  version: 3.1.2
  resolution: "csstype@npm:3.1.2"
  checksum: e1a52e6c25c1314d6beef5168da704ab29c5186b877c07d822bd0806717d9a265e8493a2e35ca7e68d0f5d472d43fac1cdce70fd79fd0853dff81f3028d857b5
  languageName: node
  linkType: hard

"d3-array@npm:2 - 3, d3-array@npm:2.10.0 - 3, d3-array@npm:2.5.0 - 3, d3-array@npm:3, d3-array@npm:^3.2.0":
  version: 3.2.4
  resolution: "d3-array@npm:3.2.4"
  dependencies:
    internmap: "npm:1 - 2"
  checksum: a5976a6d6205f69208478bb44920dd7ce3e788c9dceb86b304dbe401a4bfb42ecc8b04c20facde486e9adcb488b5d1800d49393a3f81a23902b68158e12cddd0
  languageName: node
  linkType: hard

"d3-axis@npm:3":
  version: 3.0.0
  resolution: "d3-axis@npm:3.0.0"
  checksum: 227ddaa6d4bad083539c1ec245e2228b4620cca941997a8a650cb0af239375dc20271993127eedac66f0543f331027aca09385e1e16eed023f93eac937cddf0b
  languageName: node
  linkType: hard

"d3-brush@npm:3":
  version: 3.0.0
  resolution: "d3-brush@npm:3.0.0"
  dependencies:
    d3-dispatch: "npm:1 - 3"
    d3-drag: "npm:2 - 3"
    d3-interpolate: "npm:1 - 3"
    d3-selection: "npm:3"
    d3-transition: "npm:3"
  checksum: 1d042167769a02ac76271c71e90376d7184206e489552b7022a8ec2860209fe269db55e0a3430f3dcbe13b6fec2ff65b1adeaccba3218991b38e022390df72e3
  languageName: node
  linkType: hard

"d3-chord@npm:3":
  version: 3.0.1
  resolution: "d3-chord@npm:3.0.1"
  dependencies:
    d3-path: "npm:1 - 3"
  checksum: ddf35d41675e0f8738600a8a2f05bf0858def413438c12cba357c5802ecc1014c80a658acbbee63cbad2a8c747912efb2358455d93e59906fe37469f1dc6b78b
  languageName: node
  linkType: hard

"d3-color@npm:1 - 3, d3-color@npm:3":
  version: 3.1.0
  resolution: "d3-color@npm:3.1.0"
  checksum: 4931fbfda5d7c4b5cfa283a13c91a954f86e3b69d75ce588d06cde6c3628cebfc3af2069ccf225e982e8987c612aa7948b3932163ce15eb3c11cd7c003f3ee3b
  languageName: node
  linkType: hard

"d3-contour@npm:4":
  version: 4.0.2
  resolution: "d3-contour@npm:4.0.2"
  dependencies:
    d3-array: "npm:^3.2.0"
  checksum: 56aa082c1acf62a45b61c8d29fdd307041785aa17d9a07de7d1d848633769887a33fb6823888afa383f31c460d0f21d24756593e84e334ddb92d774214d32f1b
  languageName: node
  linkType: hard

"d3-delaunay@npm:6":
  version: 6.0.4
  resolution: "d3-delaunay@npm:6.0.4"
  dependencies:
    delaunator: "npm:5"
  checksum: ce6d267d5ef21a8aeadfe4606329fc80a22ab6e7748d47bc220bcc396ee8be84b77a5473033954c5ac4aa522d265ddc45d4165d30fe4787dd60a15ea66b9bbb4
  languageName: node
  linkType: hard

"d3-dispatch@npm:1 - 3, d3-dispatch@npm:3":
  version: 3.0.1
  resolution: "d3-dispatch@npm:3.0.1"
  checksum: fdfd4a230f46463e28e5b22a45dd76d03be9345b605e1b5dc7d18bd7ebf504e6c00ae123fd6d03e23d9e2711e01f0e14ea89cd0632545b9f0c00b924ba4be223
  languageName: node
  linkType: hard

"d3-drag@npm:2 - 3, d3-drag@npm:3":
  version: 3.0.0
  resolution: "d3-drag@npm:3.0.0"
  dependencies:
    d3-dispatch: "npm:1 - 3"
    d3-selection: "npm:3"
  checksum: d297231e60ecd633b0d076a63b4052b436ddeb48b5a3a11ff68c7e41a6774565473a6b064c5e9256e88eca6439a917ab9cea76032c52d944ddbf4fd289e31111
  languageName: node
  linkType: hard

"d3-dsv@npm:1 - 3, d3-dsv@npm:3":
  version: 3.0.1
  resolution: "d3-dsv@npm:3.0.1"
  dependencies:
    commander: "npm:7"
    iconv-lite: "npm:0.6"
    rw: "npm:1"
  bin:
    csv2json: bin/dsv2json.js
    csv2tsv: bin/dsv2dsv.js
    dsv2dsv: bin/dsv2dsv.js
    dsv2json: bin/dsv2json.js
    json2csv: bin/json2dsv.js
    json2dsv: bin/json2dsv.js
    json2tsv: bin/json2dsv.js
    tsv2csv: bin/dsv2dsv.js
    tsv2json: bin/dsv2json.js
  checksum: 5fc0723647269d5dccd181d74f2265920ab368a2868b0b4f55ffa2fecdfb7814390ea28622cd61ee5d9594ab262879509059544e9f815c54fe76fbfb4ffa4c8a
  languageName: node
  linkType: hard

"d3-ease@npm:1 - 3, d3-ease@npm:3":
  version: 3.0.1
  resolution: "d3-ease@npm:3.0.1"
  checksum: 06e2ee5326d1e3545eab4e2c0f84046a123dcd3b612e68858219aa034da1160333d9ce3da20a1d3486d98cb5c2a06f7d233eee1bc19ce42d1533458bd85dedcd
  languageName: node
  linkType: hard

"d3-fetch@npm:3":
  version: 3.0.1
  resolution: "d3-fetch@npm:3.0.1"
  dependencies:
    d3-dsv: "npm:1 - 3"
  checksum: 382dcea06549ef82c8d0b719e5dc1d96286352579e3b51b20f71437f5800323315b09cf7dcfd4e1f60a41e1204deb01758470cea257d2285a7abd9dcec806984
  languageName: node
  linkType: hard

"d3-force@npm:3":
  version: 3.0.0
  resolution: "d3-force@npm:3.0.0"
  dependencies:
    d3-dispatch: "npm:1 - 3"
    d3-quadtree: "npm:1 - 3"
    d3-timer: "npm:1 - 3"
  checksum: 6c7e96438cab62fa32aeadb0ade3297b62b51f81b1b38b0a60a5ec9fd627d74090c1189654d92df2250775f31b06812342f089f1d5947de9960a635ee3581def
  languageName: node
  linkType: hard

"d3-format@npm:1 - 3, d3-format@npm:3":
  version: 3.1.0
  resolution: "d3-format@npm:3.1.0"
  checksum: f345ec3b8ad3cab19bff5dead395bd9f5590628eb97a389b1dd89f0b204c7c4fc1d9520f13231c2c7cf14b7c9a8cf10f8ef15bde2befbab41454a569bd706ca2
  languageName: node
  linkType: hard

"d3-geo@npm:3":
  version: 3.1.0
  resolution: "d3-geo@npm:3.1.0"
  dependencies:
    d3-array: "npm:2.5.0 - 3"
  checksum: adf82b0c105c0c5951ae0a833d4dfc479a563791ad7938579fa14e1cffd623b469d8aa7a37dc413a327fb6ac56880f3da3f6c43d4abe3c923972dd98f34f37d1
  languageName: node
  linkType: hard

"d3-hierarchy@npm:3":
  version: 3.1.2
  resolution: "d3-hierarchy@npm:3.1.2"
  checksum: 0fd946a8c5fd4686d43d3e11bbfc2037a145fda29d2261ccd0e36f70b66af6d7638e2c0c7112124d63fc3d3127197a00a6aecf676bd5bd392a94d7235a214263
  languageName: node
  linkType: hard

"d3-interpolate@npm:1 - 3, d3-interpolate@npm:1.2.0 - 3, d3-interpolate@npm:3":
  version: 3.0.1
  resolution: "d3-interpolate@npm:3.0.1"
  dependencies:
    d3-color: "npm:1 - 3"
  checksum: a42ba314e295e95e5365eff0f604834e67e4a3b3c7102458781c477bd67e9b24b6bb9d8e41ff5521050a3f2c7c0c4bbbb6e187fd586daa3980943095b267e78b
  languageName: node
  linkType: hard

"d3-path@npm:1 - 3, d3-path@npm:3, d3-path@npm:^3.1.0":
  version: 3.1.0
  resolution: "d3-path@npm:3.1.0"
  checksum: 2306f1bd9191e1eac895ec13e3064f732a85f243d6e627d242a313f9777756838a2215ea11562f0c7630c7c3b16a19ec1fe0948b1c82f3317fac55882f6ee5d8
  languageName: node
  linkType: hard

"d3-polygon@npm:3":
  version: 3.0.1
  resolution: "d3-polygon@npm:3.0.1"
  checksum: 0b85c532517895544683849768a2c377cee3801ef8ccf3fa9693c8871dd21a0c1a2a0fc75ff54192f0ba2c562b0da2bc27f5bf959dfafc7fa23573b574865d2c
  languageName: node
  linkType: hard

"d3-quadtree@npm:1 - 3, d3-quadtree@npm:3":
  version: 3.0.1
  resolution: "d3-quadtree@npm:3.0.1"
  checksum: 5469d462763811475f34a7294d984f3eb100515b0585ca5b249656f6b1a6e99b20056a2d2e463cc9944b888896d2b1d07859c50f9c0cf23438df9cd2e3146066
  languageName: node
  linkType: hard

"d3-random@npm:3":
  version: 3.0.1
  resolution: "d3-random@npm:3.0.1"
  checksum: a70ad8d1cabe399ebeb2e482703121ac8946a3b336830b518da6848b9fdd48a111990fc041dc716f16885a72176ffa2898f2a250ca3d363ecdba5ef92b18e131
  languageName: node
  linkType: hard

"d3-scale-chromatic@npm:3":
  version: 3.0.0
  resolution: "d3-scale-chromatic@npm:3.0.0"
  dependencies:
    d3-color: "npm:1 - 3"
    d3-interpolate: "npm:1 - 3"
  checksum: a8ce4cb0267a17b28ebbb929f5e3071d985908a9c13b6fcaa2a198e1e018f275804d691c5794b970df0049725b7944f32297b31603d235af6414004f0c7f82c0
  languageName: node
  linkType: hard

"d3-scale@npm:4":
  version: 4.0.2
  resolution: "d3-scale@npm:4.0.2"
  dependencies:
    d3-array: "npm:2.10.0 - 3"
    d3-format: "npm:1 - 3"
    d3-interpolate: "npm:1.2.0 - 3"
    d3-time: "npm:2.1.1 - 3"
    d3-time-format: "npm:2 - 4"
  checksum: a9c770d283162c3bd11477c3d9d485d07f8db2071665f1a4ad23eec3e515e2cefbd369059ec677c9ac849877d1a765494e90e92051d4f21111aa56791c98729e
  languageName: node
  linkType: hard

"d3-selection@npm:2 - 3, d3-selection@npm:3":
  version: 3.0.0
  resolution: "d3-selection@npm:3.0.0"
  checksum: f4e60e133309115b99f5b36a79ae0a19d71ee6e2d5e3c7216ef3e75ebd2cb1e778c2ed2fa4c01bef35e0dcbd96c5428f5bd6ca2184fe2957ed582fde6841cbc5
  languageName: node
  linkType: hard

"d3-shape@npm:3":
  version: 3.2.0
  resolution: "d3-shape@npm:3.2.0"
  dependencies:
    d3-path: "npm:^3.1.0"
  checksum: de2af5fc9a93036a7b68581ca0bfc4aca2d5a328aa7ba7064c11aedd44d24f310c20c40157cb654359d4c15c3ef369f95ee53d71221017276e34172c7b719cfa
  languageName: node
  linkType: hard

"d3-time-format@npm:2 - 4, d3-time-format@npm:4":
  version: 4.1.0
  resolution: "d3-time-format@npm:4.1.0"
  dependencies:
    d3-time: "npm:1 - 3"
  checksum: 7342bce28355378152bbd4db4e275405439cabba082d9cd01946d40581140481c8328456d91740b0fe513c51ec4a467f4471ffa390c7e0e30ea30e9ec98fcdf4
  languageName: node
  linkType: hard

"d3-time@npm:1 - 3, d3-time@npm:2.1.1 - 3, d3-time@npm:3":
  version: 3.1.0
  resolution: "d3-time@npm:3.1.0"
  dependencies:
    d3-array: "npm:2 - 3"
  checksum: 613b435352a78d9f31b7f68540788186d8c331b63feca60ad21c88e9db1989fe888f97f242322ebd6365e45ec3fb206a4324cd4ca0dfffa1d9b5feb856ba00a7
  languageName: node
  linkType: hard

"d3-timer@npm:1 - 3, d3-timer@npm:3":
  version: 3.0.1
  resolution: "d3-timer@npm:3.0.1"
  checksum: 1cfddf86d7bca22f73f2c427f52dfa35c49f50d64e187eb788dcad6e927625c636aa18ae4edd44d084eb9d1f81d8ca4ec305dae7f733c15846a824575b789d73
  languageName: node
  linkType: hard

"d3-transition@npm:2 - 3, d3-transition@npm:3":
  version: 3.0.1
  resolution: "d3-transition@npm:3.0.1"
  dependencies:
    d3-color: "npm:1 - 3"
    d3-dispatch: "npm:1 - 3"
    d3-ease: "npm:1 - 3"
    d3-interpolate: "npm:1 - 3"
    d3-timer: "npm:1 - 3"
  peerDependencies:
    d3-selection: 2 - 3
  checksum: cb1e6e018c3abf0502fe9ff7b631ad058efb197b5e14b973a410d3935aead6e3c07c67d726cfab258e4936ef2667c2c3d1cd2037feb0765f0b4e1d3b8788c0ea
  languageName: node
  linkType: hard

"d3-zoom@npm:3":
  version: 3.0.0
  resolution: "d3-zoom@npm:3.0.0"
  dependencies:
    d3-dispatch: "npm:1 - 3"
    d3-drag: "npm:2 - 3"
    d3-interpolate: "npm:1 - 3"
    d3-selection: "npm:2 - 3"
    d3-transition: "npm:2 - 3"
  checksum: 8056e3527281cfd1ccbcbc458408f86973b0583e9dac00e51204026d1d36803ca437f970b5736f02fafed9f2b78f145f72a5dbc66397e02d4d95d4c594b8ff54
  languageName: node
  linkType: hard

"d3@npm:^7.8.5":
  version: 7.8.5
  resolution: "d3@npm:7.8.5"
  dependencies:
    d3-array: "npm:3"
    d3-axis: "npm:3"
    d3-brush: "npm:3"
    d3-chord: "npm:3"
    d3-color: "npm:3"
    d3-contour: "npm:4"
    d3-delaunay: "npm:6"
    d3-dispatch: "npm:3"
    d3-drag: "npm:3"
    d3-dsv: "npm:3"
    d3-ease: "npm:3"
    d3-fetch: "npm:3"
    d3-force: "npm:3"
    d3-format: "npm:3"
    d3-geo: "npm:3"
    d3-hierarchy: "npm:3"
    d3-interpolate: "npm:3"
    d3-path: "npm:3"
    d3-polygon: "npm:3"
    d3-quadtree: "npm:3"
    d3-random: "npm:3"
    d3-scale: "npm:4"
    d3-scale-chromatic: "npm:3"
    d3-selection: "npm:3"
    d3-shape: "npm:3"
    d3-time: "npm:3"
    d3-time-format: "npm:4"
    d3-timer: "npm:3"
    d3-transition: "npm:3"
    d3-zoom: "npm:3"
  checksum: e407e79731f74d946a5eb8dec2f037b5a4ad33c294409b1d3531fdf7094de48adfe364974cb37e2396bdb81e23149d56d0ede716c004d6aebb52b3cc114cd15c
  languageName: node
  linkType: hard

"delaunator@npm:5":
  version: 5.0.0
  resolution: "delaunator@npm:5.0.0"
  dependencies:
    robust-predicates: "npm:^3.0.0"
  checksum: d6764188442b7f7c6bcacebd96edc00e35f542a96f1af3ef600e586bfb9849a3682c489c0ab423440c90bc4c7cac77f28761babff76fa29e193e1cf50a95b860
  languageName: node
  linkType: hard

"dotenv@npm:^16.3.1":
  version: 16.3.1
  resolution: "dotenv@npm:16.3.1"
  checksum: 15d75e7279018f4bafd0ee9706593dd14455ddb71b3bcba9c52574460b7ccaf67d5cf8b2c08a5af1a9da6db36c956a04a1192b101ee102a3e0cf8817bbcf3dfd
  languageName: node
  linkType: hard

"esbuild-plugin-alias-path@npm:^2.0.2":
  version: 2.0.2
  resolution: "esbuild-plugin-alias-path@npm:2.0.2"
  dependencies:
    find-up: 5.0.0
    fs-extra: ^10.1.0
    jsonfile: ^6.1.0
  peerDependencies:
    esbuild: ">= 0.14.0"
  checksum: 79d8949472b6ebbfb50c759d3cb83639435faaeef99152174c96205f987034ace5336866f2958200210b1b2923b8fc47cabba9af5a800b568957c468695ddebf
  languageName: node
  linkType: hard

"esbuild@npm:^0.19.7":
  version: 0.19.7
  resolution: "esbuild@npm:0.19.7"
  dependencies:
    "@esbuild/android-arm": 0.19.7
    "@esbuild/android-arm64": 0.19.7
    "@esbuild/android-x64": 0.19.7
    "@esbuild/darwin-arm64": 0.19.7
    "@esbuild/darwin-x64": 0.19.7
    "@esbuild/freebsd-arm64": 0.19.7
    "@esbuild/freebsd-x64": 0.19.7
    "@esbuild/linux-arm": 0.19.7
    "@esbuild/linux-arm64": 0.19.7
    "@esbuild/linux-ia32": 0.19.7
    "@esbuild/linux-loong64": 0.19.7
    "@esbuild/linux-mips64el": 0.19.7
    "@esbuild/linux-ppc64": 0.19.7
    "@esbuild/linux-riscv64": 0.19.7
    "@esbuild/linux-s390x": 0.19.7
    "@esbuild/linux-x64": 0.19.7
    "@esbuild/netbsd-x64": 0.19.7
    "@esbuild/openbsd-x64": 0.19.7
    "@esbuild/sunos-x64": 0.19.7
    "@esbuild/win32-arm64": 0.19.7
    "@esbuild/win32-ia32": 0.19.7
    "@esbuild/win32-x64": 0.19.7
  dependenciesMeta:
    "@esbuild/android-arm":
      optional: true
    "@esbuild/android-arm64":
      optional: true
    "@esbuild/android-x64":
      optional: true
    "@esbuild/darwin-arm64":
      optional: true
    "@esbuild/darwin-x64":
      optional: true
    "@esbuild/freebsd-arm64":
      optional: true
    "@esbuild/freebsd-x64":
      optional: true
    "@esbuild/linux-arm":
      optional: true
    "@esbuild/linux-arm64":
      optional: true
    "@esbuild/linux-ia32":
      optional: true
    "@esbuild/linux-loong64":
      optional: true
    "@esbuild/linux-mips64el":
      optional: true
    "@esbuild/linux-ppc64":
      optional: true
    "@esbuild/linux-riscv64":
      optional: true
    "@esbuild/linux-s390x":
      optional: true
    "@esbuild/linux-x64":
      optional: true
    "@esbuild/netbsd-x64":
      optional: true
    "@esbuild/openbsd-x64":
      optional: true
    "@esbuild/sunos-x64":
      optional: true
    "@esbuild/win32-arm64":
      optional: true
    "@esbuild/win32-ia32":
      optional: true
    "@esbuild/win32-x64":
      optional: true
  bin:
    esbuild: bin/esbuild
  checksum: a5d979224d47ae0cc6685447eb8f1ceaf7b67f5eaeaac0246f4d589ff7d81b08e4502a6245298d948f13e9b571ac8556a6d83b084af24954f762b1cfe59dbe55
  languageName: node
  linkType: hard

"find-up@npm:5.0.0":
  version: 5.0.0
  resolution: "find-up@npm:5.0.0"
  dependencies:
    locate-path: ^6.0.0
    path-exists: ^4.0.0
  checksum: 07955e357348f34660bde7920783204ff5a26ac2cafcaa28bace494027158a97b9f56faaf2d89a6106211a8174db650dd9f503f9c0d526b1202d5554a00b9095
  languageName: node
  linkType: hard

"fs-extra@npm:^10.1.0":
  version: 10.1.0
  resolution: "fs-extra@npm:10.1.0"
  dependencies:
    graceful-fs: ^4.2.0
    jsonfile: ^6.0.1
    universalify: ^2.0.0
  checksum: dc94ab37096f813cc3ca12f0f1b5ad6744dfed9ed21e953d72530d103cea193c2f81584a39e9dee1bea36de5ee66805678c0dddc048e8af1427ac19c00fffc50
  languageName: node
  linkType: hard

"fs-extra@npm:^11.1.1":
  version: 11.1.1
  resolution: "fs-extra@npm:11.1.1"
  dependencies:
    graceful-fs: "npm:^4.2.0"
    jsonfile: "npm:^6.0.1"
    universalify: "npm:^2.0.0"
  checksum: fb883c68245b2d777fbc1f2082c9efb084eaa2bbf9fddaa366130d196c03608eebef7fb490541276429ee1ca99f317e2d73e96f5ca0999eefedf5a624ae1edfd
  languageName: node
  linkType: hard

"graceful-fs@npm:^4.1.6, graceful-fs@npm:^4.2.0":
  version: 4.2.11
  resolution: "graceful-fs@npm:4.2.11"
  checksum: ac85f94da92d8eb6b7f5a8b20ce65e43d66761c55ce85ac96df6865308390da45a8d3f0296dd3a663de65d30ba497bd46c696cc1e248c72b13d6d567138a4fc7
  languageName: node
  linkType: hard

"iconv-lite@npm:0.6":
  version: 0.6.3
  resolution: "iconv-lite@npm:0.6.3"
  dependencies:
    safer-buffer: "npm:>= 2.1.2 < 3.0.0"
  checksum: 3f60d47a5c8fc3313317edfd29a00a692cc87a19cac0159e2ce711d0ebc9019064108323b5e493625e25594f11c6236647d8e256fbe7a58f4a3b33b89e6d30bf
  languageName: node
  linkType: hard

"internmap@npm:1 - 2":
  version: 2.0.3
  resolution: "internmap@npm:2.0.3"
  checksum: 7ca41ec6aba8f0072fc32fa8a023450a9f44503e2d8e403583c55714b25efd6390c38a87161ec456bf42d7bc83aab62eb28f5aef34876b1ac4e60693d5e1d241
  languageName: node
  linkType: hard

"js-tokens@npm:^3.0.0 || ^4.0.0":
  version: 4.0.0
  resolution: "js-tokens@npm:4.0.0"
  checksum: 8a95213a5a77deb6cbe94d86340e8d9ace2b93bc367790b260101d2f36a2eaf4e4e22d9fa9cf459b38af3a32fb4190e638024cf82ec95ef708680e405ea7cc78
  languageName: node
  linkType: hard

"jsonfile@npm:^6.0.1, jsonfile@npm:^6.1.0":
  version: 6.1.0
  resolution: "jsonfile@npm:6.1.0"
  dependencies:
    graceful-fs: "npm:^4.1.6"
    universalify: "npm:^2.0.0"
  dependenciesMeta:
    graceful-fs:
      optional: true
  checksum: 7af3b8e1ac8fe7f1eccc6263c6ca14e1966fcbc74b618d3c78a0a2075579487547b94f72b7a1114e844a1e15bb00d440e5d1720bfc4612d790a6f285d5ea8354
  languageName: node
  linkType: hard

"locate-path@npm:^6.0.0":
  version: 6.0.0
  resolution: "locate-path@npm:6.0.0"
  dependencies:
    p-locate: ^5.0.0
  checksum: 72eb661788a0368c099a184c59d2fee760b3831c9c1c33955e8a19ae4a21b4116e53fa736dc086cdeb9fce9f7cc508f2f92d2d3aae516f133e16a2bb59a39f5a
  languageName: node
  linkType: hard

"loose-envify@npm:^1.1.0":
  version: 1.4.0
  resolution: "loose-envify@npm:1.4.0"
  dependencies:
    js-tokens: "npm:^3.0.0 || ^4.0.0"
  bin:
    loose-envify: cli.js
  checksum: 6517e24e0cad87ec9888f500c5b5947032cdfe6ef65e1c1936a0c48a524b81e65542c9c3edc91c97d5bddc806ee2a985dbc79be89215d613b1de5db6d1cfe6f4
  languageName: node
  linkType: hard

"p-limit@npm:^3.0.2":
  version: 3.1.0
  resolution: "p-limit@npm:3.1.0"
  dependencies:
    yocto-queue: ^0.1.0
  checksum: 7c3690c4dbf62ef625671e20b7bdf1cbc9534e83352a2780f165b0d3ceba21907e77ad63401708145ca4e25bfc51636588d89a8c0aeb715e6c37d1c066430360
  languageName: node
  linkType: hard

"p-locate@npm:^5.0.0":
  version: 5.0.0
  resolution: "p-locate@npm:5.0.0"
  dependencies:
    p-limit: ^3.0.2
  checksum: 1623088f36cf1cbca58e9b61c4e62bf0c60a07af5ae1ca99a720837356b5b6c5ba3eb1b2127e47a06865fee59dd0453cad7cc844cda9d5a62ac1a5a51b7c86d3
  languageName: node
  linkType: hard

"papaparse@npm:^5.4.1":
  version: 5.4.1
  resolution: "papaparse@npm:5.4.1"
  checksum: fc9e52f7158dca3517c229e3309065b1ab5da6c7194572fba4f31ff138bc43e3c91182cc40365cc828f97fe10d0aca416068fd731661058bea0f69ddb84a411a
  languageName: node
  linkType: hard

"path-exists@npm:^4.0.0":
  version: 4.0.0
  resolution: "path-exists@npm:4.0.0"
  checksum: 505807199dfb7c50737b057dd8d351b82c033029ab94cb10a657609e00c1bc53b951cfdbccab8de04c5584d5eff31128ce6afd3db79281874a5ef2adbba55ed1
  languageName: node
  linkType: hard

"react-dom@npm:^18.2.0":
  version: 18.2.0
  resolution: "react-dom@npm:18.2.0"
  dependencies:
    loose-envify: "npm:^1.1.0"
    scheduler: "npm:^0.23.0"
  peerDependencies:
    react: ^18.2.0
  checksum: 7d323310bea3a91be2965f9468d552f201b1c27891e45ddc2d6b8f717680c95a75ae0bc1e3f5cf41472446a2589a75aed4483aee8169287909fcd59ad149e8cc
  languageName: node
  linkType: hard

"react@npm:^18.2.0":
  version: 18.2.0
  resolution: "react@npm:18.2.0"
  dependencies:
    loose-envify: "npm:^1.1.0"
  checksum: 88e38092da8839b830cda6feef2e8505dec8ace60579e46aa5490fc3dc9bba0bd50336507dc166f43e3afc1c42939c09fe33b25fae889d6f402721dcd78fca1b
  languageName: node
  linkType: hard

"robust-predicates@npm:^3.0.0":
  version: 3.0.2
  resolution: "robust-predicates@npm:3.0.2"
  checksum: 36854c1321548ceca96d36ad9d6e0a5a512986029ec6929ad6ed3ec1612c22cc8b46cc72d2c5674af42e8074a119d793f6f0ea3a5b51373e3ab926c64b172d7a
  languageName: node
  linkType: hard

"rw@npm:1":
  version: 1.3.3
  resolution: "rw@npm:1.3.3"
  checksum: c20d82421f5a71c86a13f76121b751553a99cd4a70ea27db86f9b23f33db941f3f06019c30f60d50c356d0bd674c8e74764ac146ea55e217c091bde6fba82aa3
  languageName: node
  linkType: hard

"safer-buffer@npm:>= 2.1.2 < 3.0.0":
  version: 2.1.2
  resolution: "safer-buffer@npm:2.1.2"
  checksum: cab8f25ae6f1434abee8d80023d7e72b598cf1327164ddab31003c51215526801e40b66c5e65d658a0af1e9d6478cadcb4c745f4bd6751f97d8644786c0978b0
  languageName: node
  linkType: hard

"scheduler@npm:^0.23.0":
  version: 0.23.0
  resolution: "scheduler@npm:0.23.0"
  dependencies:
    loose-envify: "npm:^1.1.0"
  checksum: d79192eeaa12abef860c195ea45d37cbf2bbf5f66e3c4dcd16f54a7da53b17788a70d109ee3d3dde1a0fd50e6a8fc171f4300356c5aee4fc0171de526bf35f8a
  languageName: node
  linkType: hard

"typescript@npm:^5.2.2":
  version: 5.2.2
  resolution: "typescript@npm:5.2.2"
  bin:
    tsc: bin/tsc
    tsserver: bin/tsserver
  checksum: 7912821dac4d962d315c36800fe387cdc0a6298dba7ec171b350b4a6e988b51d7b8f051317786db1094bd7431d526b648aba7da8236607febb26cf5b871d2d3c
  languageName: node
  linkType: hard

"typescript@patch:typescript@^5.2.2#~builtin<compat/typescript>":
  version: 5.2.2
  resolution: "typescript@patch:typescript@npm%3A5.2.2#~builtin<compat/typescript>::version=5.2.2&hash=f3b441"
  bin:
    tsc: bin/tsc
    tsserver: bin/tsserver
  checksum: 0f4da2f15e6f1245e49db15801dbee52f2bbfb267e1c39225afdab5afee1a72839cd86000e65ee9d7e4dfaff12239d28beaf5ee431357fcced15fb08583d72ca
  languageName: node
  linkType: hard

"undici-types@npm:~5.26.4":
  version: 5.26.5
  resolution: "undici-types@npm:5.26.5"
  checksum: 3192ef6f3fd5df652f2dc1cd782b49d6ff14dc98e5dced492aa8a8c65425227da5da6aafe22523c67f035a272c599bb89cfe803c1db6311e44bed3042fc25487
  languageName: node
  linkType: hard

"universalify@npm:^2.0.0":
  version: 2.0.1
  resolution: "universalify@npm:2.0.1"
  checksum: ecd8469fe0db28e7de9e5289d32bd1b6ba8f7183db34f3bfc4ca53c49891c2d6aa05f3fb3936a81285a905cc509fb641a0c3fc131ec786167eff41236ae32e60
  languageName: node
  linkType: hard

"yocto-queue@npm:^0.1.0":
  version: 0.1.0
  resolution: "yocto-queue@npm:0.1.0"
  checksum: f77b3d8d00310def622123df93d4ee654fc6a0096182af8bd60679ddcdfb3474c56c6c7190817c84a2785648cdee9d721c0154eb45698c62176c322fb46fc700
  languageName: node
  linkType: hard

"youtuber-insights-d3-hierarchy@workspace:.":
  version: 0.0.0-use.local
  resolution: "youtuber-insights-d3-hierarchy@workspace:."
  dependencies:
    "@types/d3": ^7.4.3
    "@types/node": ^20.8.10
    "@types/papaparse": ^5
    "@types/react": ^18.2.33
    "@types/react-dom": ^18.2.14
    d3: ^7.8.5
    dotenv: ^16.3.1
    esbuild: ^0.19.7
    esbuild-plugin-alias-path: ^2.0.2
    fs-extra: ^11.1.1
    papaparse: ^5.4.1
    react: ^18.2.0
    react-dom: ^18.2.0
    typescript: ^5.2.2
  languageName: unknown
  linkType: soft
